
Microsoft Visual Studio Solution File, Format Version 12.00
# Visual Studio 15
VisualStudioVersion = 15.0.27004.2002
MinimumVisualStudioVersion = 10.0.40219.1
Project("{8BC9CEB8-8B4A-11D0-8D11-00A0C91BC942}") = "Game", "Game\Game.vcxproj", "{82378CE1-A69B-4DF6-82B3-34C4E46494CB}"
EndProject
Global
	GlobalSection(SolutionConfigurationPlatforms) = preSolution
		Debug|x64 = Debug|x64
		Debug|x86 = Debug|x86
		Release|x64 = Release|x64
		Release|x86 = Release|x86
	EndGlobalSection
	GlobalSection(ProjectConfigurationPlatforms) = postSolution
		{82378CE1-A69B-4DF6-82B3-34C4E46494CB}.Debug|x64.ActiveCfg = Debug|x64
		{82378CE1-A69B-4DF6-82B3-34C4E46494CB}.Debug|x64.Build.0 = Debug|x64
		{82378CE1-A69B-4DF6-82B3-34C4E46494CB}.Debug|x86.ActiveCfg = Debug|Win32
		{82378CE1-A69B-4DF6-82B3-34C4E46494CB}.Debug|x86.Build.0 = Debug|Win32
		{82378CE1-A69B-4DF6-82B3-34C4E46494CB}.Release|x64.ActiveCfg = Release|x64
		{82378CE1-A69B-4DF6-82B3-34C4E46494CB}.Release|x64.Build.0 = Release|x64
		{82378CE1-A69B-4DF6-82B3-34C4E46494CB}.Release|x86.ActiveCfg = Release|Win32
		{82378CE1-A69B-4DF6-82B3-34C4E46494CB}.Release|x86.Build.0 = Release|Win32
	EndGlobalSection
	GlobalSection(SolutionProperties) = preSolution
		HideSolutionNode = FALSE
	EndGlobalSection
	GlobalSection(ExtensibilityGlobals) = postSolution
		SolutionGuid = {222D5FF3-D990-4DB5-906B-4F491A3B0109}
	EndGlobalSection
EndGlobal
