<?xml version="1.0" encoding="utf-8"?>
<Project ToolsVersion="15.0" xmlns="http://schemas.microsoft.com/developer/msbuild/2003">
  <ItemGroup>
    <ClCompile Include="C:\Users\Krzysztof\Documents\libraries\assimp-4.1.0\tools\assimp_cmd\CompareDump.cpp">
      <Filter>Source Files</Filter>
    </ClCompile>
    <ClCompile Include="C:\Users\Krzysztof\Documents\libraries\assimp-4.1.0\tools\assimp_cmd\ImageExtractor.cpp">
      <Filter>Source Files</Filter>
    </ClCompile>
    <ClCompile Include="C:\Users\Krzysztof\Documents\libraries\assimp-4.1.0\tools\assimp_cmd\Main.cpp">
      <Filter>Source Files</Filter>
    </ClCompile>
    <ClCompile Include="C:\Users\Krzysztof\Documents\libraries\assimp-4.1.0\tools\assimp_cmd\WriteDumb.cpp">
      <Filter>Source Files</Filter>
    </ClCompile>
    <ClCompile Include="C:\Users\Krzysztof\Documents\libraries\assimp-4.1.0\tools\assimp_cmd\Info.cpp">
      <Filter>Source Files</Filter>
    </ClCompile>
    <ClCompile Include="C:\Users\Krzysztof\Documents\libraries\assimp-4.1.0\tools\assimp_cmd\Export.cpp">
      <Filter>Source Files</Filter>
    </ClCompile>
  </ItemGroup>
  <ItemGroup>
    <ClInclude Include="C:\Users\Krzysztof\Documents\libraries\assimp-4.1.0\tools\assimp_cmd\Main.h">
      <Filter>Header Files</Filter>
    </ClInclude>
    <ClInclude Include="C:\Users\Krzysztof\Documents\libraries\assimp-4.1.0\tools\assimp_cmd\resource.h">
      <Filter>Header Files</Filter>
    </ClInclude>
  </ItemGroup>
  <ItemGroup>
    <CustomBuild Include="C:\Users\Krzysztof\Documents\libraries\assimp-4.1.0\tools\assimp_cmd\CMakeLists.txt" />
  </ItemGroup>
  <ItemGroup>
    <ResourceCompile Include="C:\Users\Krzysztof\Documents\libraries\assimp-4.1.0\tools\assimp_cmd\assimp_cmd.rc">
      <Filter>Source Files</Filter>
    </ResourceCompile>
  </ItemGroup>
  <ItemGroup>
    <Filter Include="Header Files">
      <UniqueIdentifier>{523C1792-C8CD-3AD4-A894-965880E6C716}</UniqueIdentifier>
    </Filter>
    <Filter Include="Source Files">
      <UniqueIdentifier>{692B14E8-7508-3AF4-9FCB-AC2F6A3F259B}</UniqueIdentifier>
    </Filter>
  </ItemGroup>
</Project>
