<?xml version="1.0" encoding="utf-8"?>
<Project ToolsVersion="15.0" xmlns="http://schemas.microsoft.com/developer/msbuild/2003">
  <ItemGroup>
    <ClCompile Include="C:\Users\Krzysztof\Documents\libraries\assimp-4.1.0\code\Assimp.cpp">
      <Filter>Source Files</Filter>
    </ClCompile>
    <ClCompile Include="C:\Users\Krzysztof\Documents\libraries\assimp-4.1.0\code\BaseImporter.cpp">
      <Filter>Common</Filter>
    </ClCompile>
    <ClCompile Include="C:\Users\Krzysztof\Documents\libraries\assimp-4.1.0\code\BaseProcess.cpp">
      <Filter>Common</Filter>
    </ClCompile>
    <ClCompile Include="C:\Users\Krzysztof\Documents\libraries\assimp-4.1.0\code\PostStepRegistry.cpp">
      <Filter>Common</Filter>
    </ClCompile>
    <ClCompile Include="C:\Users\Krzysztof\Documents\libraries\assimp-4.1.0\code\ImporterRegistry.cpp">
      <Filter>Common</Filter>
    </ClCompile>
    <ClCompile Include="C:\Users\Krzysztof\Documents\libraries\assimp-4.1.0\code\DefaultIOStream.cpp">
      <Filter>Common</Filter>
    </ClCompile>
    <ClCompile Include="C:\Users\Krzysztof\Documents\libraries\assimp-4.1.0\code\DefaultIOSystem.cpp">
      <Filter>Common</Filter>
    </ClCompile>
    <ClCompile Include="C:\Users\Krzysztof\Documents\libraries\assimp-4.1.0\code\CInterfaceIOWrapper.cpp">
      <Filter>Common</Filter>
    </ClCompile>
    <ClCompile Include="C:\Users\Krzysztof\Documents\libraries\assimp-4.1.0\code\Importer.cpp">
      <Filter>Common</Filter>
    </ClCompile>
    <ClCompile Include="C:\Users\Krzysztof\Documents\libraries\assimp-4.1.0\code\SGSpatialSort.cpp">
      <Filter>Common</Filter>
    </ClCompile>
    <ClCompile Include="C:\Users\Krzysztof\Documents\libraries\assimp-4.1.0\code\VertexTriangleAdjacency.cpp">
      <Filter>Common</Filter>
    </ClCompile>
    <ClCompile Include="C:\Users\Krzysztof\Documents\libraries\assimp-4.1.0\code\SpatialSort.cpp">
      <Filter>Common</Filter>
    </ClCompile>
    <ClCompile Include="C:\Users\Krzysztof\Documents\libraries\assimp-4.1.0\code\SceneCombiner.cpp">
      <Filter>Common</Filter>
    </ClCompile>
    <ClCompile Include="C:\Users\Krzysztof\Documents\libraries\assimp-4.1.0\code\ScenePreprocessor.cpp">
      <Filter>Common</Filter>
    </ClCompile>
    <ClCompile Include="C:\Users\Krzysztof\Documents\libraries\assimp-4.1.0\code\SkeletonMeshBuilder.cpp">
      <Filter>Common</Filter>
    </ClCompile>
    <ClCompile Include="C:\Users\Krzysztof\Documents\libraries\assimp-4.1.0\code\SplitByBoneCountProcess.cpp">
      <Filter>Common</Filter>
    </ClCompile>
    <ClCompile Include="C:\Users\Krzysztof\Documents\libraries\assimp-4.1.0\code\ScaleProcess.cpp">
      <Filter>Common</Filter>
    </ClCompile>
    <ClCompile Include="C:\Users\Krzysztof\Documents\libraries\assimp-4.1.0\code\StandardShapes.cpp">
      <Filter>Common</Filter>
    </ClCompile>
    <ClCompile Include="C:\Users\Krzysztof\Documents\libraries\assimp-4.1.0\code\TargetAnimation.cpp">
      <Filter>Common</Filter>
    </ClCompile>
    <ClCompile Include="C:\Users\Krzysztof\Documents\libraries\assimp-4.1.0\code\RemoveComments.cpp">
      <Filter>Common</Filter>
    </ClCompile>
    <ClCompile Include="C:\Users\Krzysztof\Documents\libraries\assimp-4.1.0\code\Subdivision.cpp">
      <Filter>Common</Filter>
    </ClCompile>
    <ClCompile Include="C:\Users\Krzysztof\Documents\libraries\assimp-4.1.0\code\scene.cpp">
      <Filter>Common</Filter>
    </ClCompile>
    <ClCompile Include="C:\Users\Krzysztof\Documents\libraries\assimp-4.1.0\code\Bitmap.cpp">
      <Filter>Common</Filter>
    </ClCompile>
    <ClCompile Include="C:\Users\Krzysztof\Documents\libraries\assimp-4.1.0\code\Version.cpp">
      <Filter>Common</Filter>
    </ClCompile>
    <ClCompile Include="C:\Users\Krzysztof\Documents\libraries\assimp-4.1.0\code\CreateAnimMesh.cpp">
      <Filter>Common</Filter>
    </ClCompile>
    <ClCompile Include="C:\Users\Krzysztof\Documents\libraries\assimp-4.1.0\code\DefaultLogger.cpp">
      <Filter>Logging</Filter>
    </ClCompile>
    <ClCompile Include="C:\Users\Krzysztof\Documents\libraries\assimp-4.1.0\code\Exporter.cpp">
      <Filter>Exporter</Filter>
    </ClCompile>
    <ClCompile Include="C:\Users\Krzysztof\Documents\libraries\assimp-4.1.0\code\AssimpCExport.cpp">
      <Filter>Exporter</Filter>
    </ClCompile>
    <ClCompile Include="C:\Users\Krzysztof\Documents\libraries\assimp-4.1.0\code\CalcTangentsProcess.cpp">
      <Filter>PostProcessing</Filter>
    </ClCompile>
    <ClCompile Include="C:\Users\Krzysztof\Documents\libraries\assimp-4.1.0\code\ComputeUVMappingProcess.cpp">
      <Filter>PostProcessing</Filter>
    </ClCompile>
    <ClCompile Include="C:\Users\Krzysztof\Documents\libraries\assimp-4.1.0\code\ConvertToLHProcess.cpp">
      <Filter>PostProcessing</Filter>
    </ClCompile>
    <ClCompile Include="C:\Users\Krzysztof\Documents\libraries\assimp-4.1.0\code\FindDegenerates.cpp">
      <Filter>PostProcessing</Filter>
    </ClCompile>
    <ClCompile Include="C:\Users\Krzysztof\Documents\libraries\assimp-4.1.0\code\FindInstancesProcess.cpp">
      <Filter>PostProcessing</Filter>
    </ClCompile>
    <ClCompile Include="C:\Users\Krzysztof\Documents\libraries\assimp-4.1.0\code\FindInvalidDataProcess.cpp">
      <Filter>PostProcessing</Filter>
    </ClCompile>
    <ClCompile Include="C:\Users\Krzysztof\Documents\libraries\assimp-4.1.0\code\FixNormalsStep.cpp">
      <Filter>PostProcessing</Filter>
    </ClCompile>
    <ClCompile Include="C:\Users\Krzysztof\Documents\libraries\assimp-4.1.0\code\GenFaceNormalsProcess.cpp">
      <Filter>PostProcessing</Filter>
    </ClCompile>
    <ClCompile Include="C:\Users\Krzysztof\Documents\libraries\assimp-4.1.0\code\GenVertexNormalsProcess.cpp">
      <Filter>PostProcessing</Filter>
    </ClCompile>
    <ClCompile Include="C:\Users\Krzysztof\Documents\libraries\assimp-4.1.0\code\PretransformVertices.cpp">
      <Filter>PostProcessing</Filter>
    </ClCompile>
    <ClCompile Include="C:\Users\Krzysztof\Documents\libraries\assimp-4.1.0\code\ImproveCacheLocality.cpp">
      <Filter>PostProcessing</Filter>
    </ClCompile>
    <ClCompile Include="C:\Users\Krzysztof\Documents\libraries\assimp-4.1.0\code\JoinVerticesProcess.cpp">
      <Filter>PostProcessing</Filter>
    </ClCompile>
    <ClCompile Include="C:\Users\Krzysztof\Documents\libraries\assimp-4.1.0\code\LimitBoneWeightsProcess.cpp">
      <Filter>PostProcessing</Filter>
    </ClCompile>
    <ClCompile Include="C:\Users\Krzysztof\Documents\libraries\assimp-4.1.0\code\RemoveRedundantMaterials.cpp">
      <Filter>PostProcessing</Filter>
    </ClCompile>
    <ClCompile Include="C:\Users\Krzysztof\Documents\libraries\assimp-4.1.0\code\RemoveVCProcess.cpp">
      <Filter>PostProcessing</Filter>
    </ClCompile>
    <ClCompile Include="C:\Users\Krzysztof\Documents\libraries\assimp-4.1.0\code\SortByPTypeProcess.cpp">
      <Filter>PostProcessing</Filter>
    </ClCompile>
    <ClCompile Include="C:\Users\Krzysztof\Documents\libraries\assimp-4.1.0\code\SplitLargeMeshes.cpp">
      <Filter>PostProcessing</Filter>
    </ClCompile>
    <ClCompile Include="C:\Users\Krzysztof\Documents\libraries\assimp-4.1.0\code\TextureTransform.cpp">
      <Filter>PostProcessing</Filter>
    </ClCompile>
    <ClCompile Include="C:\Users\Krzysztof\Documents\libraries\assimp-4.1.0\code\TriangulateProcess.cpp">
      <Filter>PostProcessing</Filter>
    </ClCompile>
    <ClCompile Include="C:\Users\Krzysztof\Documents\libraries\assimp-4.1.0\code\ValidateDataStructure.cpp">
      <Filter>PostProcessing</Filter>
    </ClCompile>
    <ClCompile Include="C:\Users\Krzysztof\Documents\libraries\assimp-4.1.0\code\OptimizeGraph.cpp">
      <Filter>PostProcessing</Filter>
    </ClCompile>
    <ClCompile Include="C:\Users\Krzysztof\Documents\libraries\assimp-4.1.0\code\OptimizeMeshes.cpp">
      <Filter>PostProcessing</Filter>
    </ClCompile>
    <ClCompile Include="C:\Users\Krzysztof\Documents\libraries\assimp-4.1.0\code\DeboneProcess.cpp">
      <Filter>PostProcessing</Filter>
    </ClCompile>
    <ClCompile Include="C:\Users\Krzysztof\Documents\libraries\assimp-4.1.0\code\ProcessHelper.cpp">
      <Filter>PostProcessing</Filter>
    </ClCompile>
    <ClCompile Include="C:\Users\Krzysztof\Documents\libraries\assimp-4.1.0\code\MakeVerboseFormat.cpp">
      <Filter>PostProcessing</Filter>
    </ClCompile>
    <ClCompile Include="C:\Users\Krzysztof\Documents\libraries\assimp-4.1.0\code\MaterialSystem.cpp">
      <Filter>MaterialSystem</Filter>
    </ClCompile>
    <ClCompile Include="C:\Users\Krzysztof\Documents\libraries\assimp-4.1.0\code\StepExporter.cpp">
      <Filter>Step</Filter>
    </ClCompile>
    <ClCompile Include="C:\Users\Krzysztof\Documents\libraries\assimp-4.1.0\code\AMFImporter.cpp">
      <Filter>AMF</Filter>
    </ClCompile>
    <ClCompile Include="C:\Users\Krzysztof\Documents\libraries\assimp-4.1.0\code\AMFImporter_Geometry.cpp">
      <Filter>AMF</Filter>
    </ClCompile>
    <ClCompile Include="C:\Users\Krzysztof\Documents\libraries\assimp-4.1.0\code\AMFImporter_Material.cpp">
      <Filter>AMF</Filter>
    </ClCompile>
    <ClCompile Include="C:\Users\Krzysztof\Documents\libraries\assimp-4.1.0\code\AMFImporter_Postprocess.cpp">
      <Filter>AMF</Filter>
    </ClCompile>
    <ClCompile Include="C:\Users\Krzysztof\Documents\libraries\assimp-4.1.0\code\3DSConverter.cpp">
      <Filter>3DS</Filter>
    </ClCompile>
    <ClCompile Include="C:\Users\Krzysztof\Documents\libraries\assimp-4.1.0\code\3DSLoader.cpp">
      <Filter>3DS</Filter>
    </ClCompile>
    <ClCompile Include="C:\Users\Krzysztof\Documents\libraries\assimp-4.1.0\code\3DSExporter.cpp">
      <Filter>3DS</Filter>
    </ClCompile>
    <ClCompile Include="C:\Users\Krzysztof\Documents\libraries\assimp-4.1.0\code\ACLoader.cpp">
      <Filter>AC</Filter>
    </ClCompile>
    <ClCompile Include="C:\Users\Krzysztof\Documents\libraries\assimp-4.1.0\code\ASELoader.cpp">
      <Filter>ASE</Filter>
    </ClCompile>
    <ClCompile Include="C:\Users\Krzysztof\Documents\libraries\assimp-4.1.0\code\ASEParser.cpp">
      <Filter>ASE</Filter>
    </ClCompile>
    <ClCompile Include="C:\Users\Krzysztof\Documents\libraries\assimp-4.1.0\code\AssbinExporter.cpp">
      <Filter>ASSBIN</Filter>
    </ClCompile>
    <ClCompile Include="C:\Users\Krzysztof\Documents\libraries\assimp-4.1.0\code\AssbinLoader.cpp">
      <Filter>ASSBIN</Filter>
    </ClCompile>
    <ClCompile Include="C:\Users\Krzysztof\Documents\libraries\assimp-4.1.0\code\AssxmlExporter.cpp">
      <Filter>ASSXML</Filter>
    </ClCompile>
    <ClCompile Include="C:\Users\Krzysztof\Documents\libraries\assimp-4.1.0\code\B3DImporter.cpp">
      <Filter>B3D</Filter>
    </ClCompile>
    <ClCompile Include="C:\Users\Krzysztof\Documents\libraries\assimp-4.1.0\code\BVHLoader.cpp">
      <Filter>BVH</Filter>
    </ClCompile>
    <ClCompile Include="C:\Users\Krzysztof\Documents\libraries\assimp-4.1.0\code\ColladaLoader.cpp">
      <Filter>COLLADA</Filter>
    </ClCompile>
    <ClCompile Include="C:\Users\Krzysztof\Documents\libraries\assimp-4.1.0\code\ColladaParser.cpp">
      <Filter>COLLADA</Filter>
    </ClCompile>
    <ClCompile Include="C:\Users\Krzysztof\Documents\libraries\assimp-4.1.0\code\ColladaExporter.cpp">
      <Filter>COLLADA</Filter>
    </ClCompile>
    <ClCompile Include="C:\Users\Krzysztof\Documents\libraries\assimp-4.1.0\code\DXFLoader.cpp">
      <Filter>DXF</Filter>
    </ClCompile>
    <ClCompile Include="C:\Users\Krzysztof\Documents\libraries\assimp-4.1.0\code\CSMLoader.cpp">
      <Filter>CSM</Filter>
    </ClCompile>
    <ClCompile Include="C:\Users\Krzysztof\Documents\libraries\assimp-4.1.0\code\HMPLoader.cpp">
      <Filter>HMP</Filter>
    </ClCompile>
    <ClCompile Include="C:\Users\Krzysztof\Documents\libraries\assimp-4.1.0\code\IRRMeshLoader.cpp">
      <Filter>IRRMESH</Filter>
    </ClCompile>
    <ClCompile Include="C:\Users\Krzysztof\Documents\libraries\assimp-4.1.0\code\IRRShared.cpp">
      <Filter>IRR</Filter>
    </ClCompile>
    <ClCompile Include="C:\Users\Krzysztof\Documents\libraries\assimp-4.1.0\code\IRRLoader.cpp">
      <Filter>IRR</Filter>
    </ClCompile>
    <ClCompile Include="C:\Users\Krzysztof\Documents\libraries\assimp-4.1.0\code\LWOAnimation.cpp">
      <Filter>LWO</Filter>
    </ClCompile>
    <ClCompile Include="C:\Users\Krzysztof\Documents\libraries\assimp-4.1.0\code\LWOBLoader.cpp">
      <Filter>LWO</Filter>
    </ClCompile>
    <ClCompile Include="C:\Users\Krzysztof\Documents\libraries\assimp-4.1.0\code\LWOLoader.cpp">
      <Filter>LWO</Filter>
    </ClCompile>
    <ClCompile Include="C:\Users\Krzysztof\Documents\libraries\assimp-4.1.0\code\LWOMaterial.cpp">
      <Filter>LWO</Filter>
    </ClCompile>
    <ClCompile Include="C:\Users\Krzysztof\Documents\libraries\assimp-4.1.0\code\LWSLoader.cpp">
      <Filter>LWS</Filter>
    </ClCompile>
    <ClCompile Include="C:\Users\Krzysztof\Documents\libraries\assimp-4.1.0\code\MD2Loader.cpp">
      <Filter>MD2</Filter>
    </ClCompile>
    <ClCompile Include="C:\Users\Krzysztof\Documents\libraries\assimp-4.1.0\code\MD3Loader.cpp">
      <Filter>MD3</Filter>
    </ClCompile>
    <ClCompile Include="C:\Users\Krzysztof\Documents\libraries\assimp-4.1.0\code\MD5Loader.cpp">
      <Filter>MD5</Filter>
    </ClCompile>
    <ClCompile Include="C:\Users\Krzysztof\Documents\libraries\assimp-4.1.0\code\MD5Parser.cpp">
      <Filter>MD5</Filter>
    </ClCompile>
    <ClCompile Include="C:\Users\Krzysztof\Documents\libraries\assimp-4.1.0\code\MDCLoader.cpp">
      <Filter>MDC</Filter>
    </ClCompile>
    <ClCompile Include="C:\Users\Krzysztof\Documents\libraries\assimp-4.1.0\code\MDLLoader.cpp">
      <Filter>MDL</Filter>
    </ClCompile>
    <ClCompile Include="C:\Users\Krzysztof\Documents\libraries\assimp-4.1.0\code\MDLMaterialLoader.cpp">
      <Filter>MDL</Filter>
    </ClCompile>
    <ClCompile Include="C:\Users\Krzysztof\Documents\libraries\assimp-4.1.0\code\NFFLoader.cpp">
      <Filter>NFF</Filter>
    </ClCompile>
    <ClCompile Include="C:\Users\Krzysztof\Documents\libraries\assimp-4.1.0\code\NDOLoader.cpp">
      <Filter>NDO</Filter>
    </ClCompile>
    <ClCompile Include="C:\Users\Krzysztof\Documents\libraries\assimp-4.1.0\code\OFFLoader.cpp">
      <Filter>OFF</Filter>
    </ClCompile>
    <ClCompile Include="C:\Users\Krzysztof\Documents\libraries\assimp-4.1.0\code\ObjFileImporter.cpp">
      <Filter>OBJ</Filter>
    </ClCompile>
    <ClCompile Include="C:\Users\Krzysztof\Documents\libraries\assimp-4.1.0\code\ObjFileMtlImporter.cpp">
      <Filter>OBJ</Filter>
    </ClCompile>
    <ClCompile Include="C:\Users\Krzysztof\Documents\libraries\assimp-4.1.0\code\ObjFileParser.cpp">
      <Filter>OBJ</Filter>
    </ClCompile>
    <ClCompile Include="C:\Users\Krzysztof\Documents\libraries\assimp-4.1.0\code\ObjExporter.cpp">
      <Filter>OBJ</Filter>
    </ClCompile>
    <ClCompile Include="C:\Users\Krzysztof\Documents\libraries\assimp-4.1.0\code\OgreImporter.cpp">
      <Filter>OGRE</Filter>
    </ClCompile>
    <ClCompile Include="C:\Users\Krzysztof\Documents\libraries\assimp-4.1.0\code\OgreStructs.cpp">
      <Filter>OGRE</Filter>
    </ClCompile>
    <ClCompile Include="C:\Users\Krzysztof\Documents\libraries\assimp-4.1.0\code\OgreBinarySerializer.cpp">
      <Filter>OGRE</Filter>
    </ClCompile>
    <ClCompile Include="C:\Users\Krzysztof\Documents\libraries\assimp-4.1.0\code\OgreXmlSerializer.cpp">
      <Filter>OGRE</Filter>
    </ClCompile>
    <ClCompile Include="C:\Users\Krzysztof\Documents\libraries\assimp-4.1.0\code\OgreMaterial.cpp">
      <Filter>OGRE</Filter>
    </ClCompile>
    <ClCompile Include="C:\Users\Krzysztof\Documents\libraries\assimp-4.1.0\code\OpenGEXExporter.cpp">
      <Filter>OPENGEX</Filter>
    </ClCompile>
    <ClCompile Include="C:\Users\Krzysztof\Documents\libraries\assimp-4.1.0\code\OpenGEXImporter.cpp">
      <Filter>OPENGEX</Filter>
    </ClCompile>
    <ClCompile Include="C:\Users\Krzysztof\Documents\libraries\assimp-4.1.0\code\PlyLoader.cpp">
      <Filter>PLY</Filter>
    </ClCompile>
    <ClCompile Include="C:\Users\Krzysztof\Documents\libraries\assimp-4.1.0\code\PlyParser.cpp">
      <Filter>PLY</Filter>
    </ClCompile>
    <ClCompile Include="C:\Users\Krzysztof\Documents\libraries\assimp-4.1.0\code\PlyExporter.cpp">
      <Filter>PLY</Filter>
    </ClCompile>
    <ClCompile Include="C:\Users\Krzysztof\Documents\libraries\assimp-4.1.0\code\MS3DLoader.cpp">
      <Filter>MS3D</Filter>
    </ClCompile>
    <ClCompile Include="C:\Users\Krzysztof\Documents\libraries\assimp-4.1.0\code\COBLoader.cpp">
      <Filter>COB</Filter>
    </ClCompile>
    <ClCompile Include="C:\Users\Krzysztof\Documents\libraries\assimp-4.1.0\code\BlenderLoader.cpp">
      <Filter>BLEND</Filter>
    </ClCompile>
    <ClCompile Include="C:\Users\Krzysztof\Documents\libraries\assimp-4.1.0\code\BlenderDNA.cpp">
      <Filter>BLEND</Filter>
    </ClCompile>
    <ClCompile Include="C:\Users\Krzysztof\Documents\libraries\assimp-4.1.0\code\BlenderScene.cpp">
      <Filter>BLEND</Filter>
    </ClCompile>
    <ClCompile Include="C:\Users\Krzysztof\Documents\libraries\assimp-4.1.0\code\BlenderModifier.cpp">
      <Filter>BLEND</Filter>
    </ClCompile>
    <ClCompile Include="C:\Users\Krzysztof\Documents\libraries\assimp-4.1.0\code\BlenderBMesh.cpp">
      <Filter>BLEND</Filter>
    </ClCompile>
    <ClCompile Include="C:\Users\Krzysztof\Documents\libraries\assimp-4.1.0\code\BlenderTessellator.cpp">
      <Filter>BLEND</Filter>
    </ClCompile>
    <ClCompile Include="C:\Users\Krzysztof\Documents\libraries\assimp-4.1.0\code\IFCLoader.cpp">
      <Filter>IFC</Filter>
    </ClCompile>
    <ClCompile Include="C:\Users\Krzysztof\Documents\libraries\assimp-4.1.0\code\IFCReaderGen1.cpp">
      <Filter>IFC</Filter>
    </ClCompile>
    <ClCompile Include="C:\Users\Krzysztof\Documents\libraries\assimp-4.1.0\code\IFCReaderGen2.cpp">
      <Filter>IFC</Filter>
    </ClCompile>
    <ClCompile Include="C:\Users\Krzysztof\Documents\libraries\assimp-4.1.0\code\IFCUtil.cpp">
      <Filter>IFC</Filter>
    </ClCompile>
    <ClCompile Include="C:\Users\Krzysztof\Documents\libraries\assimp-4.1.0\code\IFCGeometry.cpp">
      <Filter>IFC</Filter>
    </ClCompile>
    <ClCompile Include="C:\Users\Krzysztof\Documents\libraries\assimp-4.1.0\code\IFCMaterial.cpp">
      <Filter>IFC</Filter>
    </ClCompile>
    <ClCompile Include="C:\Users\Krzysztof\Documents\libraries\assimp-4.1.0\code\IFCProfile.cpp">
      <Filter>IFC</Filter>
    </ClCompile>
    <ClCompile Include="C:\Users\Krzysztof\Documents\libraries\assimp-4.1.0\code\IFCCurve.cpp">
      <Filter>IFC</Filter>
    </ClCompile>
    <ClCompile Include="C:\Users\Krzysztof\Documents\libraries\assimp-4.1.0\code\IFCBoolean.cpp">
      <Filter>IFC</Filter>
    </ClCompile>
    <ClCompile Include="C:\Users\Krzysztof\Documents\libraries\assimp-4.1.0\code\IFCOpenings.cpp">
      <Filter>IFC</Filter>
    </ClCompile>
    <ClCompile Include="C:\Users\Krzysztof\Documents\libraries\assimp-4.1.0\code\STEPFileReader.cpp">
      <Filter>IFC</Filter>
    </ClCompile>
    <ClCompile Include="C:\Users\Krzysztof\Documents\libraries\assimp-4.1.0\code\STEPFileEncoding.cpp">
      <Filter>IFC</Filter>
    </ClCompile>
    <ClCompile Include="C:\Users\Krzysztof\Documents\libraries\assimp-4.1.0\code\XGLLoader.cpp">
      <Filter>XGL</Filter>
    </ClCompile>
    <ClCompile Include="C:\Users\Krzysztof\Documents\libraries\assimp-4.1.0\code\FBXImporter.cpp">
      <Filter>FBX</Filter>
    </ClCompile>
    <ClCompile Include="C:\Users\Krzysztof\Documents\libraries\assimp-4.1.0\code\FBXParser.cpp">
      <Filter>FBX</Filter>
    </ClCompile>
    <ClCompile Include="C:\Users\Krzysztof\Documents\libraries\assimp-4.1.0\code\FBXTokenizer.cpp">
      <Filter>FBX</Filter>
    </ClCompile>
    <ClCompile Include="C:\Users\Krzysztof\Documents\libraries\assimp-4.1.0\code\FBXConverter.cpp">
      <Filter>FBX</Filter>
    </ClCompile>
    <ClCompile Include="C:\Users\Krzysztof\Documents\libraries\assimp-4.1.0\code\FBXUtil.cpp">
      <Filter>FBX</Filter>
    </ClCompile>
    <ClCompile Include="C:\Users\Krzysztof\Documents\libraries\assimp-4.1.0\code\FBXDocument.cpp">
      <Filter>FBX</Filter>
    </ClCompile>
    <ClCompile Include="C:\Users\Krzysztof\Documents\libraries\assimp-4.1.0\code\FBXProperties.cpp">
      <Filter>FBX</Filter>
    </ClCompile>
    <ClCompile Include="C:\Users\Krzysztof\Documents\libraries\assimp-4.1.0\code\FBXMeshGeometry.cpp">
      <Filter>FBX</Filter>
    </ClCompile>
    <ClCompile Include="C:\Users\Krzysztof\Documents\libraries\assimp-4.1.0\code\FBXMaterial.cpp">
      <Filter>FBX</Filter>
    </ClCompile>
    <ClCompile Include="C:\Users\Krzysztof\Documents\libraries\assimp-4.1.0\code\FBXModel.cpp">
      <Filter>FBX</Filter>
    </ClCompile>
    <ClCompile Include="C:\Users\Krzysztof\Documents\libraries\assimp-4.1.0\code\FBXAnimation.cpp">
      <Filter>FBX</Filter>
    </ClCompile>
    <ClCompile Include="C:\Users\Krzysztof\Documents\libraries\assimp-4.1.0\code\FBXNodeAttribute.cpp">
      <Filter>FBX</Filter>
    </ClCompile>
    <ClCompile Include="C:\Users\Krzysztof\Documents\libraries\assimp-4.1.0\code\FBXDeformer.cpp">
      <Filter>FBX</Filter>
    </ClCompile>
    <ClCompile Include="C:\Users\Krzysztof\Documents\libraries\assimp-4.1.0\code\FBXBinaryTokenizer.cpp">
      <Filter>FBX</Filter>
    </ClCompile>
    <ClCompile Include="C:\Users\Krzysztof\Documents\libraries\assimp-4.1.0\code\FBXDocumentUtil.cpp">
      <Filter>FBX</Filter>
    </ClCompile>
    <ClCompile Include="C:\Users\Krzysztof\Documents\libraries\assimp-4.1.0\code\Q3DLoader.cpp">
      <Filter>Q3D</Filter>
    </ClCompile>
    <ClCompile Include="C:\Users\Krzysztof\Documents\libraries\assimp-4.1.0\code\Q3BSPFileParser.cpp">
      <Filter>Q3BSP</Filter>
    </ClCompile>
    <ClCompile Include="C:\Users\Krzysztof\Documents\libraries\assimp-4.1.0\code\Q3BSPFileImporter.cpp">
      <Filter>Q3BSP</Filter>
    </ClCompile>
    <ClCompile Include="C:\Users\Krzysztof\Documents\libraries\assimp-4.1.0\code\Q3BSPZipArchive.cpp">
      <Filter>Q3BSP</Filter>
    </ClCompile>
    <ClCompile Include="C:\Users\Krzysztof\Documents\libraries\assimp-4.1.0\code\RawLoader.cpp">
      <Filter>RAW</Filter>
    </ClCompile>
    <ClCompile Include="C:\Users\Krzysztof\Documents\libraries\assimp-4.1.0\code\SIBImporter.cpp">
      <Filter>SIB</Filter>
    </ClCompile>
    <ClCompile Include="C:\Users\Krzysztof\Documents\libraries\assimp-4.1.0\code\SMDLoader.cpp">
      <Filter>SMD</Filter>
    </ClCompile>
    <ClCompile Include="C:\Users\Krzysztof\Documents\libraries\assimp-4.1.0\code\STLLoader.cpp">
      <Filter>STL</Filter>
    </ClCompile>
    <ClCompile Include="C:\Users\Krzysztof\Documents\libraries\assimp-4.1.0\code\STLExporter.cpp">
      <Filter>STL</Filter>
    </ClCompile>
    <ClCompile Include="C:\Users\Krzysztof\Documents\libraries\assimp-4.1.0\code\TerragenLoader.cpp">
      <Filter>TERRAGEN</Filter>
    </ClCompile>
    <ClCompile Include="C:\Users\Krzysztof\Documents\libraries\assimp-4.1.0\code\UnrealLoader.cpp">
      <Filter>3D</Filter>
    </ClCompile>
    <ClCompile Include="C:\Users\Krzysztof\Documents\libraries\assimp-4.1.0\code\XFileImporter.cpp">
      <Filter>X</Filter>
    </ClCompile>
    <ClCompile Include="C:\Users\Krzysztof\Documents\libraries\assimp-4.1.0\code\XFileParser.cpp">
      <Filter>X</Filter>
    </ClCompile>
    <ClCompile Include="C:\Users\Krzysztof\Documents\libraries\assimp-4.1.0\code\XFileExporter.cpp">
      <Filter>X</Filter>
    </ClCompile>
    <ClCompile Include="C:\Users\Krzysztof\Documents\libraries\assimp-4.1.0\code\X3DExporter.cpp">
      <Filter>X3D</Filter>
    </ClCompile>
    <ClCompile Include="C:\Users\Krzysztof\Documents\libraries\assimp-4.1.0\code\X3DImporter.cpp">
      <Filter>X3D</Filter>
    </ClCompile>
    <ClCompile Include="C:\Users\Krzysztof\Documents\libraries\assimp-4.1.0\code\X3DImporter_Geometry2D.cpp">
      <Filter>X3D</Filter>
    </ClCompile>
    <ClCompile Include="C:\Users\Krzysztof\Documents\libraries\assimp-4.1.0\code\X3DImporter_Geometry3D.cpp">
      <Filter>X3D</Filter>
    </ClCompile>
    <ClCompile Include="C:\Users\Krzysztof\Documents\libraries\assimp-4.1.0\code\X3DImporter_Group.cpp">
      <Filter>X3D</Filter>
    </ClCompile>
    <ClCompile Include="C:\Users\Krzysztof\Documents\libraries\assimp-4.1.0\code\X3DImporter_Light.cpp">
      <Filter>X3D</Filter>
    </ClCompile>
    <ClCompile Include="C:\Users\Krzysztof\Documents\libraries\assimp-4.1.0\code\X3DImporter_Metadata.cpp">
      <Filter>X3D</Filter>
    </ClCompile>
    <ClCompile Include="C:\Users\Krzysztof\Documents\libraries\assimp-4.1.0\code\X3DImporter_Networking.cpp">
      <Filter>X3D</Filter>
    </ClCompile>
    <ClCompile Include="C:\Users\Krzysztof\Documents\libraries\assimp-4.1.0\code\X3DImporter_Postprocess.cpp">
      <Filter>X3D</Filter>
    </ClCompile>
    <ClCompile Include="C:\Users\Krzysztof\Documents\libraries\assimp-4.1.0\code\X3DImporter_Rendering.cpp">
      <Filter>X3D</Filter>
    </ClCompile>
    <ClCompile Include="C:\Users\Krzysztof\Documents\libraries\assimp-4.1.0\code\X3DImporter_Shape.cpp">
      <Filter>X3D</Filter>
    </ClCompile>
    <ClCompile Include="C:\Users\Krzysztof\Documents\libraries\assimp-4.1.0\code\X3DImporter_Texturing.cpp">
      <Filter>X3D</Filter>
    </ClCompile>
    <ClCompile Include="C:\Users\Krzysztof\Documents\libraries\assimp-4.1.0\code\FIReader.cpp">
      <Filter>X3D</Filter>
    </ClCompile>
    <ClCompile Include="C:\Users\Krzysztof\Documents\libraries\assimp-4.1.0\code\X3DVocabulary.cpp">
      <Filter>X3D</Filter>
    </ClCompile>
    <ClCompile Include="C:\Users\Krzysztof\Documents\libraries\assimp-4.1.0\code\glTFImporter.cpp">
      <Filter>GLTF</Filter>
    </ClCompile>
    <ClCompile Include="C:\Users\Krzysztof\Documents\libraries\assimp-4.1.0\code\glTFExporter.cpp">
      <Filter>GLTF</Filter>
    </ClCompile>
    <ClCompile Include="C:\Users\Krzysztof\Documents\libraries\assimp-4.1.0\code\glTF2Importer.cpp">
      <Filter>GLTF</Filter>
    </ClCompile>
    <ClCompile Include="C:\Users\Krzysztof\Documents\libraries\assimp-4.1.0\code\glTF2Exporter.cpp">
      <Filter>GLTF</Filter>
    </ClCompile>
    <ClCompile Include="C:\Users\Krzysztof\Documents\libraries\assimp-4.1.0\code\D3MFImporter.cpp">
      <Filter>3MF</Filter>
    </ClCompile>
    <ClCompile Include="C:\Users\Krzysztof\Documents\libraries\assimp-4.1.0\code\D3MFExporter.cpp">
      <Filter>3MF</Filter>
    </ClCompile>
    <ClCompile Include="C:\Users\Krzysztof\Documents\libraries\assimp-4.1.0\code\D3MFOpcPackage.cpp">
      <Filter>3MF</Filter>
    </ClCompile>
    <ClCompile Include="C:\Users\Krzysztof\Documents\libraries\assimp-4.1.0\code\MMDImporter.cpp">
      <Filter>MMD</Filter>
    </ClCompile>
    <ClCompile Include="C:\Users\Krzysztof\Documents\libraries\assimp-4.1.0\code\MMDPmxParser.cpp">
      <Filter>MMD</Filter>
    </ClCompile>
    <ClCompile Include="C:\Users\Krzysztof\Documents\libraries\assimp-4.1.0\contrib\unzip\ioapi.c">
      <Filter>unzip</Filter>
    </ClCompile>
    <ClCompile Include="C:\Users\Krzysztof\Documents\libraries\assimp-4.1.0\contrib\unzip\unzip.c">
      <Filter>unzip</Filter>
    </ClCompile>
    <ClCompile Include="C:\Users\Krzysztof\Documents\libraries\assimp-4.1.0\contrib\poly2tri\poly2tri\common\shapes.cc">
      <Filter>Poly2Tri</Filter>
    </ClCompile>
    <ClCompile Include="C:\Users\Krzysztof\Documents\libraries\assimp-4.1.0\contrib\poly2tri\poly2tri\sweep\advancing_front.cc">
      <Filter>Poly2Tri</Filter>
    </ClCompile>
    <ClCompile Include="C:\Users\Krzysztof\Documents\libraries\assimp-4.1.0\contrib\poly2tri\poly2tri\sweep\cdt.cc">
      <Filter>Poly2Tri</Filter>
    </ClCompile>
    <ClCompile Include="C:\Users\Krzysztof\Documents\libraries\assimp-4.1.0\contrib\poly2tri\poly2tri\sweep\sweep.cc">
      <Filter>Poly2Tri</Filter>
    </ClCompile>
    <ClCompile Include="C:\Users\Krzysztof\Documents\libraries\assimp-4.1.0\contrib\poly2tri\poly2tri\sweep\sweep_context.cc">
      <Filter>Poly2Tri</Filter>
    </ClCompile>
    <ClCompile Include="C:\Users\Krzysztof\Documents\libraries\assimp-4.1.0\contrib\clipper\clipper.cpp">
      <Filter>Clipper</Filter>
    </ClCompile>
    <ClCompile Include="C:\Users\Krzysztof\Documents\libraries\assimp-4.1.0\contrib\openddlparser\code\OpenDDLParser.cpp">
      <Filter>openddl_parser</Filter>
    </ClCompile>
    <ClCompile Include="C:\Users\Krzysztof\Documents\libraries\assimp-4.1.0\contrib\openddlparser\code\DDLNode.cpp">
      <Filter>openddl_parser</Filter>
    </ClCompile>
    <ClCompile Include="C:\Users\Krzysztof\Documents\libraries\assimp-4.1.0\contrib\openddlparser\code\OpenDDLCommon.cpp">
      <Filter>openddl_parser</Filter>
    </ClCompile>
    <ClCompile Include="C:\Users\Krzysztof\Documents\libraries\assimp-4.1.0\contrib\openddlparser\code\OpenDDLExport.cpp">
      <Filter>openddl_parser</Filter>
    </ClCompile>
    <ClCompile Include="C:\Users\Krzysztof\Documents\libraries\assimp-4.1.0\contrib\openddlparser\code\Value.cpp">
      <Filter>openddl_parser</Filter>
    </ClCompile>
    <ClCompile Include="C:\Users\Krzysztof\Documents\libraries\assimp-4.1.0\contrib\openddlparser\code\OpenDDLStream.cpp">
      <Filter>openddl_parser</Filter>
    </ClCompile>
    <ClCompile Include="C:\Users\Krzysztof\Documents\libraries\assimp-4.1.0\contrib\Open3DGC\o3dgcArithmeticCodec.cpp">
      <Filter>open3dgc</Filter>
    </ClCompile>
    <ClCompile Include="C:\Users\Krzysztof\Documents\libraries\assimp-4.1.0\contrib\Open3DGC\o3dgcDynamicVectorDecoder.cpp">
      <Filter>open3dgc</Filter>
    </ClCompile>
    <ClCompile Include="C:\Users\Krzysztof\Documents\libraries\assimp-4.1.0\contrib\Open3DGC\o3dgcDynamicVectorEncoder.cpp">
      <Filter>open3dgc</Filter>
    </ClCompile>
    <ClCompile Include="C:\Users\Krzysztof\Documents\libraries\assimp-4.1.0\contrib\Open3DGC\o3dgcTools.cpp">
      <Filter>open3dgc</Filter>
    </ClCompile>
    <ClCompile Include="C:\Users\Krzysztof\Documents\libraries\assimp-4.1.0\contrib\Open3DGC\o3dgcTriangleFans.cpp">
      <Filter>open3dgc</Filter>
    </ClCompile>
    <ClCompile Include="C:\Users\Krzysztof\Documents\libraries\assimp-4.1.0\contrib\zip\src\zip.c">
      <Filter>ziplib</Filter>
    </ClCompile>
  </ItemGroup>
  <ItemGroup>
    <ClInclude Include="C:\Users\Krzysztof\Documents\libraries\assimp-4.1.0\code\fast_atof.h">
      <Filter>Common</Filter>
    </ClInclude>
    <ClInclude Include="C:\Users\Krzysztof\Documents\libraries\assimp-4.1.0\code\qnan.h">
      <Filter>Common</Filter>
    </ClInclude>
    <ClInclude Include="C:\Users\Krzysztof\Documents\libraries\assimp-4.1.0\code\BaseImporter.h">
      <Filter>Common</Filter>
    </ClInclude>
    <ClInclude Include="C:\Users\Krzysztof\Documents\libraries\assimp-4.1.0\code\BaseProcess.h">
      <Filter>Common</Filter>
    </ClInclude>
    <ClInclude Include="C:\Users\Krzysztof\Documents\libraries\assimp-4.1.0\code\Importer.h">
      <Filter>Common</Filter>
    </ClInclude>
    <ClInclude Include="C:\Users\Krzysztof\Documents\libraries\assimp-4.1.0\code\ScenePrivate.h">
      <Filter>Common</Filter>
    </ClInclude>
    <ClInclude Include="C:\Users\Krzysztof\Documents\libraries\assimp-4.1.0\code\ByteSwapper.h">
      <Filter>Common</Filter>
    </ClInclude>
    <ClInclude Include="C:\Users\Krzysztof\Documents\libraries\assimp-4.1.0\code\DefaultProgressHandler.h">
      <Filter>Common</Filter>
    </ClInclude>
    <ClInclude Include="C:\Users\Krzysztof\Documents\libraries\assimp-4.1.0\code\CInterfaceIOWrapper.h">
      <Filter>Common</Filter>
    </ClInclude>
    <ClInclude Include="C:\Users\Krzysztof\Documents\libraries\assimp-4.1.0\code\Hash.h">
      <Filter>Common</Filter>
    </ClInclude>
    <ClInclude Include="C:\Users\Krzysztof\Documents\libraries\assimp-4.1.0\code\IFF.h">
      <Filter>Common</Filter>
    </ClInclude>
    <ClInclude Include="C:\Users\Krzysztof\Documents\libraries\assimp-4.1.0\code\MemoryIOWrapper.h">
      <Filter>Common</Filter>
    </ClInclude>
    <ClInclude Include="C:\Users\Krzysztof\Documents\libraries\assimp-4.1.0\code\ParsingUtils.h">
      <Filter>Common</Filter>
    </ClInclude>
    <ClInclude Include="C:\Users\Krzysztof\Documents\libraries\assimp-4.1.0\code\StreamReader.h">
      <Filter>Common</Filter>
    </ClInclude>
    <ClInclude Include="C:\Users\Krzysztof\Documents\libraries\assimp-4.1.0\code\StreamWriter.h">
      <Filter>Common</Filter>
    </ClInclude>
    <ClInclude Include="C:\Users\Krzysztof\Documents\libraries\assimp-4.1.0\code\StringComparison.h">
      <Filter>Common</Filter>
    </ClInclude>
    <ClInclude Include="C:\Users\Krzysztof\Documents\libraries\assimp-4.1.0\code\StringUtils.h">
      <Filter>Common</Filter>
    </ClInclude>
    <ClInclude Include="C:\Users\Krzysztof\Documents\libraries\assimp-4.1.0\code\SGSpatialSort.h">
      <Filter>Common</Filter>
    </ClInclude>
    <ClInclude Include="C:\Users\Krzysztof\Documents\libraries\assimp-4.1.0\code\VertexTriangleAdjacency.h">
      <Filter>Common</Filter>
    </ClInclude>
    <ClInclude Include="C:\Users\Krzysztof\Documents\libraries\assimp-4.1.0\code\GenericProperty.h">
      <Filter>Common</Filter>
    </ClInclude>
    <ClInclude Include="C:\Users\Krzysztof\Documents\libraries\assimp-4.1.0\code\SpatialSort.h">
      <Filter>Common</Filter>
    </ClInclude>
    <ClInclude Include="C:\Users\Krzysztof\Documents\libraries\assimp-4.1.0\code\ScenePreprocessor.h">
      <Filter>Common</Filter>
    </ClInclude>
    <ClInclude Include="C:\Users\Krzysztof\Documents\libraries\assimp-4.1.0\code\SkeletonMeshBuilder.h">
      <Filter>Common</Filter>
    </ClInclude>
    <ClInclude Include="C:\Users\Krzysztof\Documents\libraries\assimp-4.1.0\code\SplitByBoneCountProcess.h">
      <Filter>Common</Filter>
    </ClInclude>
    <ClInclude Include="C:\Users\Krzysztof\Documents\libraries\assimp-4.1.0\code\ScaleProcess.h">
      <Filter>Common</Filter>
    </ClInclude>
    <ClInclude Include="C:\Users\Krzysztof\Documents\libraries\assimp-4.1.0\code\SmoothingGroups.h">
      <Filter>Common</Filter>
    </ClInclude>
    <ClInclude Include="C:\Users\Krzysztof\Documents\libraries\assimp-4.1.0\code\StandardShapes.h">
      <Filter>Common</Filter>
    </ClInclude>
    <ClInclude Include="C:\Users\Krzysztof\Documents\libraries\assimp-4.1.0\code\TargetAnimation.h">
      <Filter>Common</Filter>
    </ClInclude>
    <ClInclude Include="C:\Users\Krzysztof\Documents\libraries\assimp-4.1.0\code\RemoveComments.h">
      <Filter>Common</Filter>
    </ClInclude>
    <ClInclude Include="C:\Users\Krzysztof\Documents\libraries\assimp-4.1.0\code\Subdivision.h">
      <Filter>Common</Filter>
    </ClInclude>
    <ClInclude Include="C:\Users\Krzysztof\Documents\libraries\assimp-4.1.0\code\Vertex.h">
      <Filter>Common</Filter>
    </ClInclude>
    <ClInclude Include="C:\Users\Krzysztof\Documents\libraries\assimp-4.1.0\code\LineSplitter.h">
      <Filter>Common</Filter>
    </ClInclude>
    <ClInclude Include="C:\Users\Krzysztof\Documents\libraries\assimp-4.1.0\code\TinyFormatter.h">
      <Filter>Common</Filter>
    </ClInclude>
    <ClInclude Include="C:\Users\Krzysztof\Documents\libraries\assimp-4.1.0\code\Profiler.h">
      <Filter>Common</Filter>
    </ClInclude>
    <ClInclude Include="C:\Users\Krzysztof\Documents\libraries\assimp-4.1.0\code\LogAux.h">
      <Filter>Common</Filter>
    </ClInclude>
    <ClInclude Include="C:\Users\Krzysztof\Documents\libraries\assimp-4.1.0\code\Bitmap.h">
      <Filter>Common</Filter>
    </ClInclude>
    <ClInclude Include="C:\Users\Krzysztof\Documents\libraries\assimp-4.1.0\code\XMLTools.h">
      <Filter>Common</Filter>
    </ClInclude>
    <ClInclude Include="C:\Users\Krzysztof\Documents\libraries\assimp-4.1.0\code\IOStreamBuffer.h">
      <Filter>Common</Filter>
    </ClInclude>
    <ClInclude Include="C:\Users\Krzysztof\Documents\libraries\assimp-4.1.0\code\CreateAnimMesh.h">
      <Filter>Common</Filter>
    </ClInclude>
    <ClInclude Include="C:\Users\Krzysztof\Documents\libraries\assimp-4.1.0\include\assimp\DefaultLogger.hpp">
      <Filter>Logging</Filter>
    </ClInclude>
    <ClInclude Include="C:\Users\Krzysztof\Documents\libraries\assimp-4.1.0\include\assimp\LogStream.hpp">
      <Filter>Logging</Filter>
    </ClInclude>
    <ClInclude Include="C:\Users\Krzysztof\Documents\libraries\assimp-4.1.0\include\assimp\Logger.hpp">
      <Filter>Logging</Filter>
    </ClInclude>
    <ClInclude Include="C:\Users\Krzysztof\Documents\libraries\assimp-4.1.0\include\assimp\NullLogger.hpp">
      <Filter>Logging</Filter>
    </ClInclude>
    <ClInclude Include="C:\Users\Krzysztof\Documents\libraries\assimp-4.1.0\code\Win32DebugLogStream.h">
      <Filter>Logging</Filter>
    </ClInclude>
    <ClInclude Include="C:\Users\Krzysztof\Documents\libraries\assimp-4.1.0\code\FileLogStream.h">
      <Filter>Logging</Filter>
    </ClInclude>
    <ClInclude Include="C:\Users\Krzysztof\Documents\libraries\assimp-4.1.0\code\StdOStreamLogStream.h">
      <Filter>Logging</Filter>
    </ClInclude>
    <ClInclude Include="C:\Users\Krzysztof\Documents\libraries\assimp-4.1.0\code\BlobIOSystem.h">
      <Filter>Exporter</Filter>
    </ClInclude>
    <ClInclude Include="C:\Users\Krzysztof\Documents\libraries\assimp-4.1.0\code\CalcTangentsProcess.h">
      <Filter>PostProcessing</Filter>
    </ClInclude>
    <ClInclude Include="C:\Users\Krzysztof\Documents\libraries\assimp-4.1.0\code\ComputeUVMappingProcess.h">
      <Filter>PostProcessing</Filter>
    </ClInclude>
    <ClInclude Include="C:\Users\Krzysztof\Documents\libraries\assimp-4.1.0\code\ConvertToLHProcess.h">
      <Filter>PostProcessing</Filter>
    </ClInclude>
    <ClInclude Include="C:\Users\Krzysztof\Documents\libraries\assimp-4.1.0\code\FindDegenerates.h">
      <Filter>PostProcessing</Filter>
    </ClInclude>
    <ClInclude Include="C:\Users\Krzysztof\Documents\libraries\assimp-4.1.0\code\FindInstancesProcess.h">
      <Filter>PostProcessing</Filter>
    </ClInclude>
    <ClInclude Include="C:\Users\Krzysztof\Documents\libraries\assimp-4.1.0\code\FindInvalidDataProcess.h">
      <Filter>PostProcessing</Filter>
    </ClInclude>
    <ClInclude Include="C:\Users\Krzysztof\Documents\libraries\assimp-4.1.0\code\FixNormalsStep.h">
      <Filter>PostProcessing</Filter>
    </ClInclude>
    <ClInclude Include="C:\Users\Krzysztof\Documents\libraries\assimp-4.1.0\code\GenFaceNormalsProcess.h">
      <Filter>PostProcessing</Filter>
    </ClInclude>
    <ClInclude Include="C:\Users\Krzysztof\Documents\libraries\assimp-4.1.0\code\GenVertexNormalsProcess.h">
      <Filter>PostProcessing</Filter>
    </ClInclude>
    <ClInclude Include="C:\Users\Krzysztof\Documents\libraries\assimp-4.1.0\code\PretransformVertices.h">
      <Filter>PostProcessing</Filter>
    </ClInclude>
    <ClInclude Include="C:\Users\Krzysztof\Documents\libraries\assimp-4.1.0\code\ImproveCacheLocality.h">
      <Filter>PostProcessing</Filter>
    </ClInclude>
    <ClInclude Include="C:\Users\Krzysztof\Documents\libraries\assimp-4.1.0\code\JoinVerticesProcess.h">
      <Filter>PostProcessing</Filter>
    </ClInclude>
    <ClInclude Include="C:\Users\Krzysztof\Documents\libraries\assimp-4.1.0\code\LimitBoneWeightsProcess.h">
      <Filter>PostProcessing</Filter>
    </ClInclude>
    <ClInclude Include="C:\Users\Krzysztof\Documents\libraries\assimp-4.1.0\code\RemoveRedundantMaterials.h">
      <Filter>PostProcessing</Filter>
    </ClInclude>
    <ClInclude Include="C:\Users\Krzysztof\Documents\libraries\assimp-4.1.0\code\RemoveVCProcess.h">
      <Filter>PostProcessing</Filter>
    </ClInclude>
    <ClInclude Include="C:\Users\Krzysztof\Documents\libraries\assimp-4.1.0\code\SortByPTypeProcess.h">
      <Filter>PostProcessing</Filter>
    </ClInclude>
    <ClInclude Include="C:\Users\Krzysztof\Documents\libraries\assimp-4.1.0\code\SplitLargeMeshes.h">
      <Filter>PostProcessing</Filter>
    </ClInclude>
    <ClInclude Include="C:\Users\Krzysztof\Documents\libraries\assimp-4.1.0\code\TextureTransform.h">
      <Filter>PostProcessing</Filter>
    </ClInclude>
    <ClInclude Include="C:\Users\Krzysztof\Documents\libraries\assimp-4.1.0\code\TriangulateProcess.h">
      <Filter>PostProcessing</Filter>
    </ClInclude>
    <ClInclude Include="C:\Users\Krzysztof\Documents\libraries\assimp-4.1.0\code\ValidateDataStructure.h">
      <Filter>PostProcessing</Filter>
    </ClInclude>
    <ClInclude Include="C:\Users\Krzysztof\Documents\libraries\assimp-4.1.0\code\OptimizeGraph.h">
      <Filter>PostProcessing</Filter>
    </ClInclude>
    <ClInclude Include="C:\Users\Krzysztof\Documents\libraries\assimp-4.1.0\code\OptimizeMeshes.h">
      <Filter>PostProcessing</Filter>
    </ClInclude>
    <ClInclude Include="C:\Users\Krzysztof\Documents\libraries\assimp-4.1.0\code\DeboneProcess.h">
      <Filter>PostProcessing</Filter>
    </ClInclude>
    <ClInclude Include="C:\Users\Krzysztof\Documents\libraries\assimp-4.1.0\code\ProcessHelper.h">
      <Filter>PostProcessing</Filter>
    </ClInclude>
    <ClInclude Include="C:\Users\Krzysztof\Documents\libraries\assimp-4.1.0\code\PolyTools.h">
      <Filter>PostProcessing</Filter>
    </ClInclude>
    <ClInclude Include="C:\Users\Krzysztof\Documents\libraries\assimp-4.1.0\code\MakeVerboseFormat.h">
      <Filter>PostProcessing</Filter>
    </ClInclude>
    <ClInclude Include="C:\Users\Krzysztof\Documents\libraries\assimp-4.1.0\code\MaterialSystem.h">
      <Filter>MaterialSystem</Filter>
    </ClInclude>
    <ClInclude Include="C:\Users\Krzysztof\Documents\libraries\assimp-4.1.0\code\StepExporter.h">
      <Filter>Step</Filter>
    </ClInclude>
    <ClInclude Include="C:\Users\Krzysztof\Documents\libraries\assimp-4.1.0\code\AMFImporter.hpp">
      <Filter>AMF</Filter>
    </ClInclude>
    <ClInclude Include="C:\Users\Krzysztof\Documents\libraries\assimp-4.1.0\code\AMFImporter_Macro.hpp">
      <Filter>AMF</Filter>
    </ClInclude>
    <ClInclude Include="C:\Users\Krzysztof\Documents\libraries\assimp-4.1.0\code\AMFImporter_Node.hpp">
      <Filter>AMF</Filter>
    </ClInclude>
    <ClInclude Include="C:\Users\Krzysztof\Documents\libraries\assimp-4.1.0\code\3DSHelper.h">
      <Filter>3DS</Filter>
    </ClInclude>
    <ClInclude Include="C:\Users\Krzysztof\Documents\libraries\assimp-4.1.0\code\3DSLoader.h">
      <Filter>3DS</Filter>
    </ClInclude>
    <ClInclude Include="C:\Users\Krzysztof\Documents\libraries\assimp-4.1.0\code\3DSExporter.h">
      <Filter>3DS</Filter>
    </ClInclude>
    <ClInclude Include="C:\Users\Krzysztof\Documents\libraries\assimp-4.1.0\code\ACLoader.h">
      <Filter>AC</Filter>
    </ClInclude>
    <ClInclude Include="C:\Users\Krzysztof\Documents\libraries\assimp-4.1.0\code\ASELoader.h">
      <Filter>ASE</Filter>
    </ClInclude>
    <ClInclude Include="C:\Users\Krzysztof\Documents\libraries\assimp-4.1.0\code\ASEParser.h">
      <Filter>ASE</Filter>
    </ClInclude>
    <ClInclude Include="C:\Users\Krzysztof\Documents\libraries\assimp-4.1.0\code\AssbinExporter.h">
      <Filter>ASSBIN</Filter>
    </ClInclude>
    <ClInclude Include="C:\Users\Krzysztof\Documents\libraries\assimp-4.1.0\code\AssbinLoader.h">
      <Filter>ASSBIN</Filter>
    </ClInclude>
    <ClInclude Include="C:\Users\Krzysztof\Documents\libraries\assimp-4.1.0\code\AssxmlExporter.h">
      <Filter>ASSXML</Filter>
    </ClInclude>
    <ClInclude Include="C:\Users\Krzysztof\Documents\libraries\assimp-4.1.0\code\B3DImporter.h">
      <Filter>B3D</Filter>
    </ClInclude>
    <ClInclude Include="C:\Users\Krzysztof\Documents\libraries\assimp-4.1.0\code\BVHLoader.h">
      <Filter>BVH</Filter>
    </ClInclude>
    <ClInclude Include="C:\Users\Krzysztof\Documents\libraries\assimp-4.1.0\code\ColladaHelper.h">
      <Filter>COLLADA</Filter>
    </ClInclude>
    <ClInclude Include="C:\Users\Krzysztof\Documents\libraries\assimp-4.1.0\code\ColladaLoader.h">
      <Filter>COLLADA</Filter>
    </ClInclude>
    <ClInclude Include="C:\Users\Krzysztof\Documents\libraries\assimp-4.1.0\code\ColladaParser.h">
      <Filter>COLLADA</Filter>
    </ClInclude>
    <ClInclude Include="C:\Users\Krzysztof\Documents\libraries\assimp-4.1.0\code\ColladaExporter.h">
      <Filter>COLLADA</Filter>
    </ClInclude>
    <ClInclude Include="C:\Users\Krzysztof\Documents\libraries\assimp-4.1.0\code\DXFLoader.h">
      <Filter>DXF</Filter>
    </ClInclude>
    <ClInclude Include="C:\Users\Krzysztof\Documents\libraries\assimp-4.1.0\code\DXFHelper.h">
      <Filter>DXF</Filter>
    </ClInclude>
    <ClInclude Include="C:\Users\Krzysztof\Documents\libraries\assimp-4.1.0\code\CSMLoader.h">
      <Filter>CSM</Filter>
    </ClInclude>
    <ClInclude Include="C:\Users\Krzysztof\Documents\libraries\assimp-4.1.0\code\HMPFileData.h">
      <Filter>HMP</Filter>
    </ClInclude>
    <ClInclude Include="C:\Users\Krzysztof\Documents\libraries\assimp-4.1.0\code\HMPLoader.h">
      <Filter>HMP</Filter>
    </ClInclude>
    <ClInclude Include="C:\Users\Krzysztof\Documents\libraries\assimp-4.1.0\code\HalfLifeFileData.h">
      <Filter>HMP</Filter>
    </ClInclude>
    <ClInclude Include="C:\Users\Krzysztof\Documents\libraries\assimp-4.1.0\code\IRRMeshLoader.h">
      <Filter>IRRMESH</Filter>
    </ClInclude>
    <ClInclude Include="C:\Users\Krzysztof\Documents\libraries\assimp-4.1.0\code\IRRShared.h">
      <Filter>IRR</Filter>
    </ClInclude>
    <ClInclude Include="C:\Users\Krzysztof\Documents\libraries\assimp-4.1.0\code\IRRLoader.h">
      <Filter>IRR</Filter>
    </ClInclude>
    <ClInclude Include="C:\Users\Krzysztof\Documents\libraries\assimp-4.1.0\code\LWOAnimation.h">
      <Filter>LWO</Filter>
    </ClInclude>
    <ClInclude Include="C:\Users\Krzysztof\Documents\libraries\assimp-4.1.0\code\LWOFileData.h">
      <Filter>LWO</Filter>
    </ClInclude>
    <ClInclude Include="C:\Users\Krzysztof\Documents\libraries\assimp-4.1.0\code\LWOLoader.h">
      <Filter>LWO</Filter>
    </ClInclude>
    <ClInclude Include="C:\Users\Krzysztof\Documents\libraries\assimp-4.1.0\code\LWSLoader.h">
      <Filter>LWS</Filter>
    </ClInclude>
    <ClInclude Include="C:\Users\Krzysztof\Documents\libraries\assimp-4.1.0\code\MD2FileData.h">
      <Filter>MD2</Filter>
    </ClInclude>
    <ClInclude Include="C:\Users\Krzysztof\Documents\libraries\assimp-4.1.0\code\MD2Loader.h">
      <Filter>MD2</Filter>
    </ClInclude>
    <ClInclude Include="C:\Users\Krzysztof\Documents\libraries\assimp-4.1.0\code\MD2NormalTable.h">
      <Filter>MD2</Filter>
    </ClInclude>
    <ClInclude Include="C:\Users\Krzysztof\Documents\libraries\assimp-4.1.0\code\MD3FileData.h">
      <Filter>MD3</Filter>
    </ClInclude>
    <ClInclude Include="C:\Users\Krzysztof\Documents\libraries\assimp-4.1.0\code\MD3Loader.h">
      <Filter>MD3</Filter>
    </ClInclude>
    <ClInclude Include="C:\Users\Krzysztof\Documents\libraries\assimp-4.1.0\code\MD5Loader.h">
      <Filter>MD5</Filter>
    </ClInclude>
    <ClInclude Include="C:\Users\Krzysztof\Documents\libraries\assimp-4.1.0\code\MD5Parser.h">
      <Filter>MD5</Filter>
    </ClInclude>
    <ClInclude Include="C:\Users\Krzysztof\Documents\libraries\assimp-4.1.0\code\MDCFileData.h">
      <Filter>MDC</Filter>
    </ClInclude>
    <ClInclude Include="C:\Users\Krzysztof\Documents\libraries\assimp-4.1.0\code\MDCLoader.h">
      <Filter>MDC</Filter>
    </ClInclude>
    <ClInclude Include="C:\Users\Krzysztof\Documents\libraries\assimp-4.1.0\code\MDCNormalTable.h">
      <Filter>MDC</Filter>
    </ClInclude>
    <ClInclude Include="C:\Users\Krzysztof\Documents\libraries\assimp-4.1.0\code\MDLDefaultColorMap.h">
      <Filter>MDL</Filter>
    </ClInclude>
    <ClInclude Include="C:\Users\Krzysztof\Documents\libraries\assimp-4.1.0\code\MDLFileData.h">
      <Filter>MDL</Filter>
    </ClInclude>
    <ClInclude Include="C:\Users\Krzysztof\Documents\libraries\assimp-4.1.0\code\MDLLoader.h">
      <Filter>MDL</Filter>
    </ClInclude>
    <ClInclude Include="C:\Users\Krzysztof\Documents\libraries\assimp-4.1.0\code\NFFLoader.h">
      <Filter>NFF</Filter>
    </ClInclude>
    <ClInclude Include="C:\Users\Krzysztof\Documents\libraries\assimp-4.1.0\code\NDOLoader.h">
      <Filter>NDO</Filter>
    </ClInclude>
    <ClInclude Include="C:\Users\Krzysztof\Documents\libraries\assimp-4.1.0\code\OFFLoader.h">
      <Filter>OFF</Filter>
    </ClInclude>
    <ClInclude Include="C:\Users\Krzysztof\Documents\libraries\assimp-4.1.0\code\ObjFileData.h">
      <Filter>OBJ</Filter>
    </ClInclude>
    <ClInclude Include="C:\Users\Krzysztof\Documents\libraries\assimp-4.1.0\code\ObjFileImporter.h">
      <Filter>OBJ</Filter>
    </ClInclude>
    <ClInclude Include="C:\Users\Krzysztof\Documents\libraries\assimp-4.1.0\code\ObjFileMtlImporter.h">
      <Filter>OBJ</Filter>
    </ClInclude>
    <ClInclude Include="C:\Users\Krzysztof\Documents\libraries\assimp-4.1.0\code\ObjFileParser.h">
      <Filter>OBJ</Filter>
    </ClInclude>
    <ClInclude Include="C:\Users\Krzysztof\Documents\libraries\assimp-4.1.0\code\ObjTools.h">
      <Filter>OBJ</Filter>
    </ClInclude>
    <ClInclude Include="C:\Users\Krzysztof\Documents\libraries\assimp-4.1.0\code\ObjExporter.h">
      <Filter>OBJ</Filter>
    </ClInclude>
    <ClInclude Include="C:\Users\Krzysztof\Documents\libraries\assimp-4.1.0\code\OgreImporter.h">
      <Filter>OGRE</Filter>
    </ClInclude>
    <ClInclude Include="C:\Users\Krzysztof\Documents\libraries\assimp-4.1.0\code\OgreStructs.h">
      <Filter>OGRE</Filter>
    </ClInclude>
    <ClInclude Include="C:\Users\Krzysztof\Documents\libraries\assimp-4.1.0\code\OgreParsingUtils.h">
      <Filter>OGRE</Filter>
    </ClInclude>
    <ClInclude Include="C:\Users\Krzysztof\Documents\libraries\assimp-4.1.0\code\OgreBinarySerializer.h">
      <Filter>OGRE</Filter>
    </ClInclude>
    <ClInclude Include="C:\Users\Krzysztof\Documents\libraries\assimp-4.1.0\code\OgreXmlSerializer.h">
      <Filter>OGRE</Filter>
    </ClInclude>
    <ClInclude Include="C:\Users\Krzysztof\Documents\libraries\assimp-4.1.0\code\OpenGEXExporter.h">
      <Filter>OPENGEX</Filter>
    </ClInclude>
    <ClInclude Include="C:\Users\Krzysztof\Documents\libraries\assimp-4.1.0\code\OpenGEXImporter.h">
      <Filter>OPENGEX</Filter>
    </ClInclude>
    <ClInclude Include="C:\Users\Krzysztof\Documents\libraries\assimp-4.1.0\code\OpenGEXStructs.h">
      <Filter>OPENGEX</Filter>
    </ClInclude>
    <ClInclude Include="C:\Users\Krzysztof\Documents\libraries\assimp-4.1.0\code\PlyLoader.h">
      <Filter>PLY</Filter>
    </ClInclude>
    <ClInclude Include="C:\Users\Krzysztof\Documents\libraries\assimp-4.1.0\code\PlyParser.h">
      <Filter>PLY</Filter>
    </ClInclude>
    <ClInclude Include="C:\Users\Krzysztof\Documents\libraries\assimp-4.1.0\code\PlyExporter.h">
      <Filter>PLY</Filter>
    </ClInclude>
    <ClInclude Include="C:\Users\Krzysztof\Documents\libraries\assimp-4.1.0\code\MS3DLoader.h">
      <Filter>MS3D</Filter>
    </ClInclude>
    <ClInclude Include="C:\Users\Krzysztof\Documents\libraries\assimp-4.1.0\code\COBLoader.h">
      <Filter>COB</Filter>
    </ClInclude>
    <ClInclude Include="C:\Users\Krzysztof\Documents\libraries\assimp-4.1.0\code\COBScene.h">
      <Filter>COB</Filter>
    </ClInclude>
    <ClInclude Include="C:\Users\Krzysztof\Documents\libraries\assimp-4.1.0\code\BlenderLoader.h">
      <Filter>BLEND</Filter>
    </ClInclude>
    <ClInclude Include="C:\Users\Krzysztof\Documents\libraries\assimp-4.1.0\code\BlenderDNA.h">
      <Filter>BLEND</Filter>
    </ClInclude>
    <ClInclude Include="C:\Users\Krzysztof\Documents\libraries\assimp-4.1.0\code\BlenderDNA.inl">
      <Filter>BLEND</Filter>
    </ClInclude>
    <ClInclude Include="C:\Users\Krzysztof\Documents\libraries\assimp-4.1.0\code\BlenderScene.h">
      <Filter>BLEND</Filter>
    </ClInclude>
    <ClInclude Include="C:\Users\Krzysztof\Documents\libraries\assimp-4.1.0\code\BlenderSceneGen.h">
      <Filter>BLEND</Filter>
    </ClInclude>
    <ClInclude Include="C:\Users\Krzysztof\Documents\libraries\assimp-4.1.0\code\BlenderIntermediate.h">
      <Filter>BLEND</Filter>
    </ClInclude>
    <ClInclude Include="C:\Users\Krzysztof\Documents\libraries\assimp-4.1.0\code\BlenderModifier.h">
      <Filter>BLEND</Filter>
    </ClInclude>
    <ClInclude Include="C:\Users\Krzysztof\Documents\libraries\assimp-4.1.0\code\BlenderBMesh.h">
      <Filter>BLEND</Filter>
    </ClInclude>
    <ClInclude Include="C:\Users\Krzysztof\Documents\libraries\assimp-4.1.0\code\BlenderTessellator.h">
      <Filter>BLEND</Filter>
    </ClInclude>
    <ClInclude Include="C:\Users\Krzysztof\Documents\libraries\assimp-4.1.0\code\IFCLoader.h">
      <Filter>IFC</Filter>
    </ClInclude>
    <ClInclude Include="C:\Users\Krzysztof\Documents\libraries\assimp-4.1.0\code\IFCReaderGen.h">
      <Filter>IFC</Filter>
    </ClInclude>
    <ClInclude Include="C:\Users\Krzysztof\Documents\libraries\assimp-4.1.0\code\IFCUtil.h">
      <Filter>IFC</Filter>
    </ClInclude>
    <ClInclude Include="C:\Users\Krzysztof\Documents\libraries\assimp-4.1.0\code\STEPFile.h">
      <Filter>IFC</Filter>
    </ClInclude>
    <ClInclude Include="C:\Users\Krzysztof\Documents\libraries\assimp-4.1.0\code\STEPFileReader.h">
      <Filter>IFC</Filter>
    </ClInclude>
    <ClInclude Include="C:\Users\Krzysztof\Documents\libraries\assimp-4.1.0\code\STEPFileEncoding.h">
      <Filter>IFC</Filter>
    </ClInclude>
    <ClInclude Include="C:\Users\Krzysztof\Documents\libraries\assimp-4.1.0\code\XGLLoader.h">
      <Filter>XGL</Filter>
    </ClInclude>
    <ClInclude Include="C:\Users\Krzysztof\Documents\libraries\assimp-4.1.0\code\FBXCompileConfig.h">
      <Filter>FBX</Filter>
    </ClInclude>
    <ClInclude Include="C:\Users\Krzysztof\Documents\libraries\assimp-4.1.0\code\FBXImporter.h">
      <Filter>FBX</Filter>
    </ClInclude>
    <ClInclude Include="C:\Users\Krzysztof\Documents\libraries\assimp-4.1.0\code\FBXParser.h">
      <Filter>FBX</Filter>
    </ClInclude>
    <ClInclude Include="C:\Users\Krzysztof\Documents\libraries\assimp-4.1.0\code\FBXTokenizer.h">
      <Filter>FBX</Filter>
    </ClInclude>
    <ClInclude Include="C:\Users\Krzysztof\Documents\libraries\assimp-4.1.0\code\FBXImportSettings.h">
      <Filter>FBX</Filter>
    </ClInclude>
    <ClInclude Include="C:\Users\Krzysztof\Documents\libraries\assimp-4.1.0\code\FBXConverter.h">
      <Filter>FBX</Filter>
    </ClInclude>
    <ClInclude Include="C:\Users\Krzysztof\Documents\libraries\assimp-4.1.0\code\FBXUtil.h">
      <Filter>FBX</Filter>
    </ClInclude>
    <ClInclude Include="C:\Users\Krzysztof\Documents\libraries\assimp-4.1.0\code\FBXDocument.h">
      <Filter>FBX</Filter>
    </ClInclude>
    <ClInclude Include="C:\Users\Krzysztof\Documents\libraries\assimp-4.1.0\code\FBXProperties.h">
      <Filter>FBX</Filter>
    </ClInclude>
    <ClInclude Include="C:\Users\Krzysztof\Documents\libraries\assimp-4.1.0\code\FBXMeshGeometry.h">
      <Filter>FBX</Filter>
    </ClInclude>
    <ClInclude Include="C:\Users\Krzysztof\Documents\libraries\assimp-4.1.0\code\Q3DLoader.h">
      <Filter>Q3D</Filter>
    </ClInclude>
    <ClInclude Include="C:\Users\Krzysztof\Documents\libraries\assimp-4.1.0\code\Q3BSPFileData.h">
      <Filter>Q3BSP</Filter>
    </ClInclude>
    <ClInclude Include="C:\Users\Krzysztof\Documents\libraries\assimp-4.1.0\code\Q3BSPFileParser.h">
      <Filter>Q3BSP</Filter>
    </ClInclude>
    <ClInclude Include="C:\Users\Krzysztof\Documents\libraries\assimp-4.1.0\code\Q3BSPFileImporter.h">
      <Filter>Q3BSP</Filter>
    </ClInclude>
    <ClInclude Include="C:\Users\Krzysztof\Documents\libraries\assimp-4.1.0\code\Q3BSPZipArchive.h">
      <Filter>Q3BSP</Filter>
    </ClInclude>
    <ClInclude Include="C:\Users\Krzysztof\Documents\libraries\assimp-4.1.0\code\RawLoader.h">
      <Filter>RAW</Filter>
    </ClInclude>
    <ClInclude Include="C:\Users\Krzysztof\Documents\libraries\assimp-4.1.0\code\SIBImporter.h">
      <Filter>SIB</Filter>
    </ClInclude>
    <ClInclude Include="C:\Users\Krzysztof\Documents\libraries\assimp-4.1.0\code\SMDLoader.h">
      <Filter>SMD</Filter>
    </ClInclude>
    <ClInclude Include="C:\Users\Krzysztof\Documents\libraries\assimp-4.1.0\code\STLLoader.h">
      <Filter>STL</Filter>
    </ClInclude>
    <ClInclude Include="C:\Users\Krzysztof\Documents\libraries\assimp-4.1.0\code\STLExporter.h">
      <Filter>STL</Filter>
    </ClInclude>
    <ClInclude Include="C:\Users\Krzysztof\Documents\libraries\assimp-4.1.0\code\TerragenLoader.h">
      <Filter>TERRAGEN</Filter>
    </ClInclude>
    <ClInclude Include="C:\Users\Krzysztof\Documents\libraries\assimp-4.1.0\code\UnrealLoader.h">
      <Filter>3D</Filter>
    </ClInclude>
    <ClInclude Include="C:\Users\Krzysztof\Documents\libraries\assimp-4.1.0\code\XFileHelper.h">
      <Filter>X</Filter>
    </ClInclude>
    <ClInclude Include="C:\Users\Krzysztof\Documents\libraries\assimp-4.1.0\code\XFileImporter.h">
      <Filter>X</Filter>
    </ClInclude>
    <ClInclude Include="C:\Users\Krzysztof\Documents\libraries\assimp-4.1.0\code\XFileParser.h">
      <Filter>X</Filter>
    </ClInclude>
    <ClInclude Include="C:\Users\Krzysztof\Documents\libraries\assimp-4.1.0\code\XFileExporter.h">
      <Filter>X</Filter>
    </ClInclude>
    <ClInclude Include="C:\Users\Krzysztof\Documents\libraries\assimp-4.1.0\code\X3DExporter.hpp">
      <Filter>X3D</Filter>
    </ClInclude>
    <ClInclude Include="C:\Users\Krzysztof\Documents\libraries\assimp-4.1.0\code\X3DImporter.hpp">
      <Filter>X3D</Filter>
    </ClInclude>
    <ClInclude Include="C:\Users\Krzysztof\Documents\libraries\assimp-4.1.0\code\X3DImporter_Macro.hpp">
      <Filter>X3D</Filter>
    </ClInclude>
    <ClInclude Include="C:\Users\Krzysztof\Documents\libraries\assimp-4.1.0\code\X3DImporter_Node.hpp">
      <Filter>X3D</Filter>
    </ClInclude>
    <ClInclude Include="C:\Users\Krzysztof\Documents\libraries\assimp-4.1.0\code\FIReader.hpp">
      <Filter>X3D</Filter>
    </ClInclude>
    <ClInclude Include="C:\Users\Krzysztof\Documents\libraries\assimp-4.1.0\code\glTFAsset.h">
      <Filter>GLTF</Filter>
    </ClInclude>
    <ClInclude Include="C:\Users\Krzysztof\Documents\libraries\assimp-4.1.0\code\glTFAsset.inl">
      <Filter>GLTF</Filter>
    </ClInclude>
    <ClInclude Include="C:\Users\Krzysztof\Documents\libraries\assimp-4.1.0\code\glTFAssetWriter.h">
      <Filter>GLTF</Filter>
    </ClInclude>
    <ClInclude Include="C:\Users\Krzysztof\Documents\libraries\assimp-4.1.0\code\glTFAssetWriter.inl">
      <Filter>GLTF</Filter>
    </ClInclude>
    <ClInclude Include="C:\Users\Krzysztof\Documents\libraries\assimp-4.1.0\code\glTFImporter.h">
      <Filter>GLTF</Filter>
    </ClInclude>
    <ClInclude Include="C:\Users\Krzysztof\Documents\libraries\assimp-4.1.0\code\glTFExporter.h">
      <Filter>GLTF</Filter>
    </ClInclude>
    <ClInclude Include="C:\Users\Krzysztof\Documents\libraries\assimp-4.1.0\code\glTF2Asset.h">
      <Filter>GLTF</Filter>
    </ClInclude>
    <ClInclude Include="C:\Users\Krzysztof\Documents\libraries\assimp-4.1.0\code\glTF2Asset.inl">
      <Filter>GLTF</Filter>
    </ClInclude>
    <ClInclude Include="C:\Users\Krzysztof\Documents\libraries\assimp-4.1.0\code\glTF2AssetWriter.h">
      <Filter>GLTF</Filter>
    </ClInclude>
    <ClInclude Include="C:\Users\Krzysztof\Documents\libraries\assimp-4.1.0\code\glTF2AssetWriter.inl">
      <Filter>GLTF</Filter>
    </ClInclude>
    <ClInclude Include="C:\Users\Krzysztof\Documents\libraries\assimp-4.1.0\code\glTF2Importer.h">
      <Filter>GLTF</Filter>
    </ClInclude>
    <ClInclude Include="C:\Users\Krzysztof\Documents\libraries\assimp-4.1.0\code\glTF2Exporter.h">
      <Filter>GLTF</Filter>
    </ClInclude>
    <ClInclude Include="C:\Users\Krzysztof\Documents\libraries\assimp-4.1.0\code\D3MFImporter.h">
      <Filter>3MF</Filter>
    </ClInclude>
    <ClInclude Include="C:\Users\Krzysztof\Documents\libraries\assimp-4.1.0\code\D3MFExporter.h">
      <Filter>3MF</Filter>
    </ClInclude>
    <ClInclude Include="C:\Users\Krzysztof\Documents\libraries\assimp-4.1.0\code\D3MFOpcPackage.h">
      <Filter>3MF</Filter>
    </ClInclude>
    <ClInclude Include="C:\Users\Krzysztof\Documents\libraries\assimp-4.1.0\code\3MFXmlTags.h">
      <Filter>3MF</Filter>
    </ClInclude>
    <ClInclude Include="C:\Users\Krzysztof\Documents\libraries\assimp-4.1.0\code\MMDCpp14.h">
      <Filter>MMD</Filter>
    </ClInclude>
    <ClInclude Include="C:\Users\Krzysztof\Documents\libraries\assimp-4.1.0\code\MMDImporter.h">
      <Filter>MMD</Filter>
    </ClInclude>
    <ClInclude Include="C:\Users\Krzysztof\Documents\libraries\assimp-4.1.0\code\MMDPmdParser.h">
      <Filter>MMD</Filter>
    </ClInclude>
    <ClInclude Include="C:\Users\Krzysztof\Documents\libraries\assimp-4.1.0\code\MMDPmxParser.h">
      <Filter>MMD</Filter>
    </ClInclude>
    <ClInclude Include="C:\Users\Krzysztof\Documents\libraries\assimp-4.1.0\code\MMDVmdParser.h">
      <Filter>MMD</Filter>
    </ClInclude>
    <ClInclude Include="C:\Users\Krzysztof\Documents\libraries\assimp-4.1.0\code\irrXMLWrapper.h">
      <Filter>IrrXML</Filter>
    </ClInclude>
    <ClInclude Include="C:\Users\Krzysztof\Documents\libraries\assimp-4.1.0\contrib\unzip\crypt.h">
      <Filter>unzip</Filter>
    </ClInclude>
    <ClInclude Include="C:\Users\Krzysztof\Documents\libraries\assimp-4.1.0\contrib\unzip\ioapi.h">
      <Filter>unzip</Filter>
    </ClInclude>
    <ClInclude Include="C:\Users\Krzysztof\Documents\libraries\assimp-4.1.0\contrib\unzip\unzip.h">
      <Filter>unzip</Filter>
    </ClInclude>
    <ClInclude Include="C:\Users\Krzysztof\Documents\libraries\assimp-4.1.0\contrib\poly2tri\poly2tri\common\shapes.h">
      <Filter>Poly2Tri</Filter>
    </ClInclude>
    <ClInclude Include="C:\Users\Krzysztof\Documents\libraries\assimp-4.1.0\contrib\poly2tri\poly2tri\common\utils.h">
      <Filter>Poly2Tri</Filter>
    </ClInclude>
    <ClInclude Include="C:\Users\Krzysztof\Documents\libraries\assimp-4.1.0\contrib\poly2tri\poly2tri\sweep\advancing_front.h">
      <Filter>Poly2Tri</Filter>
    </ClInclude>
    <ClInclude Include="C:\Users\Krzysztof\Documents\libraries\assimp-4.1.0\contrib\poly2tri\poly2tri\sweep\cdt.h">
      <Filter>Poly2Tri</Filter>
    </ClInclude>
    <ClInclude Include="C:\Users\Krzysztof\Documents\libraries\assimp-4.1.0\contrib\poly2tri\poly2tri\sweep\sweep.h">
      <Filter>Poly2Tri</Filter>
    </ClInclude>
    <ClInclude Include="C:\Users\Krzysztof\Documents\libraries\assimp-4.1.0\contrib\poly2tri\poly2tri\sweep\sweep_context.h">
      <Filter>Poly2Tri</Filter>
    </ClInclude>
    <ClInclude Include="C:\Users\Krzysztof\Documents\libraries\assimp-4.1.0\contrib\clipper\clipper.hpp">
      <Filter>Clipper</Filter>
    </ClInclude>
    <ClInclude Include="C:\Users\Krzysztof\Documents\libraries\assimp-4.1.0\contrib\openddlparser\include\openddlparser\OpenDDLParser.h">
      <Filter>openddl_parser</Filter>
    </ClInclude>
    <ClInclude Include="C:\Users\Krzysztof\Documents\libraries\assimp-4.1.0\contrib\openddlparser\include\openddlparser\OpenDDLParserUtils.h">
      <Filter>openddl_parser</Filter>
    </ClInclude>
    <ClInclude Include="C:\Users\Krzysztof\Documents\libraries\assimp-4.1.0\contrib\openddlparser\include\openddlparser\OpenDDLCommon.h">
      <Filter>openddl_parser</Filter>
    </ClInclude>
    <ClInclude Include="C:\Users\Krzysztof\Documents\libraries\assimp-4.1.0\contrib\openddlparser\include\openddlparser\OpenDDLExport.h">
      <Filter>openddl_parser</Filter>
    </ClInclude>
    <ClInclude Include="C:\Users\Krzysztof\Documents\libraries\assimp-4.1.0\contrib\openddlparser\include\openddlparser\OpenDDLStream.h">
      <Filter>openddl_parser</Filter>
    </ClInclude>
    <ClInclude Include="C:\Users\Krzysztof\Documents\libraries\assimp-4.1.0\contrib\openddlparser\include\openddlparser\DDLNode.h">
      <Filter>openddl_parser</Filter>
    </ClInclude>
    <ClInclude Include="C:\Users\Krzysztof\Documents\libraries\assimp-4.1.0\contrib\openddlparser\include\openddlparser\Value.h">
      <Filter>openddl_parser</Filter>
    </ClInclude>
    <ClInclude Include="C:\Users\Krzysztof\Documents\libraries\assimp-4.1.0\contrib\Open3DGC\o3dgcAdjacencyInfo.h">
      <Filter>open3dgc</Filter>
    </ClInclude>
    <ClInclude Include="C:\Users\Krzysztof\Documents\libraries\assimp-4.1.0\contrib\Open3DGC\o3dgcArithmeticCodec.h">
      <Filter>open3dgc</Filter>
    </ClInclude>
    <ClInclude Include="C:\Users\Krzysztof\Documents\libraries\assimp-4.1.0\contrib\Open3DGC\o3dgcBinaryStream.h">
      <Filter>open3dgc</Filter>
    </ClInclude>
    <ClInclude Include="C:\Users\Krzysztof\Documents\libraries\assimp-4.1.0\contrib\Open3DGC\o3dgcCommon.h">
      <Filter>open3dgc</Filter>
    </ClInclude>
    <ClInclude Include="C:\Users\Krzysztof\Documents\libraries\assimp-4.1.0\contrib\Open3DGC\o3dgcDVEncodeParams.h">
      <Filter>open3dgc</Filter>
    </ClInclude>
    <ClInclude Include="C:\Users\Krzysztof\Documents\libraries\assimp-4.1.0\contrib\Open3DGC\o3dgcDynamicVectorDecoder.h">
      <Filter>open3dgc</Filter>
    </ClInclude>
    <ClInclude Include="C:\Users\Krzysztof\Documents\libraries\assimp-4.1.0\contrib\Open3DGC\o3dgcDynamicVectorEncoder.h">
      <Filter>open3dgc</Filter>
    </ClInclude>
    <ClInclude Include="C:\Users\Krzysztof\Documents\libraries\assimp-4.1.0\contrib\Open3DGC\o3dgcDynamicVector.h">
      <Filter>open3dgc</Filter>
    </ClInclude>
    <ClInclude Include="C:\Users\Krzysztof\Documents\libraries\assimp-4.1.0\contrib\Open3DGC\o3dgcFIFO.h">
      <Filter>open3dgc</Filter>
    </ClInclude>
    <ClInclude Include="C:\Users\Krzysztof\Documents\libraries\assimp-4.1.0\contrib\Open3DGC\o3dgcIndexedFaceSet.h">
      <Filter>open3dgc</Filter>
    </ClInclude>
    <ClInclude Include="C:\Users\Krzysztof\Documents\libraries\assimp-4.1.0\contrib\Open3DGC\o3dgcIndexedFaceSet.inl">
      <Filter>open3dgc</Filter>
    </ClInclude>
    <ClInclude Include="C:\Users\Krzysztof\Documents\libraries\assimp-4.1.0\contrib\Open3DGC\o3dgcSC3DMCDecoder.h">
      <Filter>open3dgc</Filter>
    </ClInclude>
    <ClInclude Include="C:\Users\Krzysztof\Documents\libraries\assimp-4.1.0\contrib\Open3DGC\o3dgcSC3DMCDecoder.inl">
      <Filter>open3dgc</Filter>
    </ClInclude>
    <ClInclude Include="C:\Users\Krzysztof\Documents\libraries\assimp-4.1.0\contrib\Open3DGC\o3dgcSC3DMCEncodeParams.h">
      <Filter>open3dgc</Filter>
    </ClInclude>
    <ClInclude Include="C:\Users\Krzysztof\Documents\libraries\assimp-4.1.0\contrib\Open3DGC\o3dgcSC3DMCEncoder.h">
      <Filter>open3dgc</Filter>
    </ClInclude>
    <ClInclude Include="C:\Users\Krzysztof\Documents\libraries\assimp-4.1.0\contrib\Open3DGC\o3dgcSC3DMCEncoder.inl">
      <Filter>open3dgc</Filter>
    </ClInclude>
    <ClInclude Include="C:\Users\Krzysztof\Documents\libraries\assimp-4.1.0\contrib\Open3DGC\o3dgcTimer.h">
      <Filter>open3dgc</Filter>
    </ClInclude>
    <ClInclude Include="C:\Users\Krzysztof\Documents\libraries\assimp-4.1.0\contrib\Open3DGC\o3dgcTriangleFans.h">
      <Filter>open3dgc</Filter>
    </ClInclude>
    <ClInclude Include="C:\Users\Krzysztof\Documents\libraries\assimp-4.1.0\contrib\Open3DGC\o3dgcTriangleListDecoder.h">
      <Filter>open3dgc</Filter>
    </ClInclude>
    <ClInclude Include="C:\Users\Krzysztof\Documents\libraries\assimp-4.1.0\contrib\Open3DGC\o3dgcTriangleListDecoder.inl">
      <Filter>open3dgc</Filter>
    </ClInclude>
    <ClInclude Include="C:\Users\Krzysztof\Documents\libraries\assimp-4.1.0\contrib\Open3DGC\o3dgcTriangleListEncoder.h">
      <Filter>open3dgc</Filter>
    </ClInclude>
    <ClInclude Include="C:\Users\Krzysztof\Documents\libraries\assimp-4.1.0\contrib\Open3DGC\o3dgcTriangleListEncoder.inl">
      <Filter>open3dgc</Filter>
    </ClInclude>
    <ClInclude Include="C:\Users\Krzysztof\Documents\libraries\assimp-4.1.0\contrib\Open3DGC\o3dgcVector.h">
      <Filter>open3dgc</Filter>
    </ClInclude>
    <ClInclude Include="C:\Users\Krzysztof\Documents\libraries\assimp-4.1.0\contrib\Open3DGC\o3dgcVector.inl">
      <Filter>open3dgc</Filter>
    </ClInclude>
    <ClInclude Include="C:\Users\Krzysztof\Documents\libraries\assimp-4.1.0\contrib\zip\src\miniz.h">
      <Filter>ziplib</Filter>
    </ClInclude>
    <ClInclude Include="C:\Users\Krzysztof\Documents\libraries\assimp-4.1.0\contrib\zip\src\zip.h">
      <Filter>ziplib</Filter>
    </ClInclude>
    <ClInclude Include="C:\Users\Krzysztof\Documents\libraries\assimp-4.1.0\include\assimp\anim.h">
      <Filter>Header Files</Filter>
    </ClInclude>
    <ClInclude Include="C:\Users\Krzysztof\Documents\libraries\assimp-4.1.0\include\assimp\ai_assert.h">
      <Filter>Header Files</Filter>
    </ClInclude>
    <ClInclude Include="C:\Users\Krzysztof\Documents\libraries\assimp-4.1.0\include\assimp\camera.h">
      <Filter>Header Files</Filter>
    </ClInclude>
    <ClInclude Include="C:\Users\Krzysztof\Documents\libraries\assimp-4.1.0\include\assimp\color4.h">
      <Filter>Header Files</Filter>
    </ClInclude>
    <ClInclude Include="C:\Users\Krzysztof\Documents\libraries\assimp-4.1.0\include\assimp\color4.inl">
      <Filter>Header Files</Filter>
    </ClInclude>
    <ClInclude Include="C:\Users\Krzysztof\Documents\libraries\assimp-4.1.0\include\assimp\config.h">
      <Filter>Header Files</Filter>
    </ClInclude>
    <ClInclude Include="C:\Users\Krzysztof\Documents\libraries\assimp-4.1.0\include\assimp\defs.h">
      <Filter>Header Files</Filter>
    </ClInclude>
    <ClInclude Include="C:\Users\Krzysztof\Documents\libraries\assimp-4.1.0\include\assimp\Defines.h">
      <Filter>Header Files</Filter>
    </ClInclude>
    <ClInclude Include="C:\Users\Krzysztof\Documents\libraries\assimp-4.1.0\include\assimp\cfileio.h">
      <Filter>Header Files</Filter>
    </ClInclude>
    <ClInclude Include="C:\Users\Krzysztof\Documents\libraries\assimp-4.1.0\include\assimp\light.h">
      <Filter>Header Files</Filter>
    </ClInclude>
    <ClInclude Include="C:\Users\Krzysztof\Documents\libraries\assimp-4.1.0\include\assimp\material.h">
      <Filter>Header Files</Filter>
    </ClInclude>
    <ClInclude Include="C:\Users\Krzysztof\Documents\libraries\assimp-4.1.0\include\assimp\material.inl">
      <Filter>Header Files</Filter>
    </ClInclude>
    <ClInclude Include="C:\Users\Krzysztof\Documents\libraries\assimp-4.1.0\include\assimp\matrix3x3.h">
      <Filter>Header Files</Filter>
    </ClInclude>
    <ClInclude Include="C:\Users\Krzysztof\Documents\libraries\assimp-4.1.0\include\assimp\matrix3x3.inl">
      <Filter>Header Files</Filter>
    </ClInclude>
    <ClInclude Include="C:\Users\Krzysztof\Documents\libraries\assimp-4.1.0\include\assimp\matrix4x4.h">
      <Filter>Header Files</Filter>
    </ClInclude>
    <ClInclude Include="C:\Users\Krzysztof\Documents\libraries\assimp-4.1.0\include\assimp\matrix4x4.inl">
      <Filter>Header Files</Filter>
    </ClInclude>
    <ClInclude Include="C:\Users\Krzysztof\Documents\libraries\assimp-4.1.0\include\assimp\mesh.h">
      <Filter>Header Files</Filter>
    </ClInclude>
    <ClInclude Include="C:\Users\Krzysztof\Documents\libraries\assimp-4.1.0\include\assimp\postprocess.h">
      <Filter>Header Files</Filter>
    </ClInclude>
    <ClInclude Include="C:\Users\Krzysztof\Documents\libraries\assimp-4.1.0\include\assimp\quaternion.h">
      <Filter>Header Files</Filter>
    </ClInclude>
    <ClInclude Include="C:\Users\Krzysztof\Documents\libraries\assimp-4.1.0\include\assimp\quaternion.inl">
      <Filter>Header Files</Filter>
    </ClInclude>
    <ClInclude Include="C:\Users\Krzysztof\Documents\libraries\assimp-4.1.0\include\assimp\scene.h">
      <Filter>Header Files</Filter>
    </ClInclude>
    <ClInclude Include="C:\Users\Krzysztof\Documents\libraries\assimp-4.1.0\include\assimp\metadata.h">
      <Filter>Header Files</Filter>
    </ClInclude>
    <ClInclude Include="C:\Users\Krzysztof\Documents\libraries\assimp-4.1.0\include\assimp\texture.h">
      <Filter>Header Files</Filter>
    </ClInclude>
    <ClInclude Include="C:\Users\Krzysztof\Documents\libraries\assimp-4.1.0\include\assimp\types.h">
      <Filter>Header Files</Filter>
    </ClInclude>
    <ClInclude Include="C:\Users\Krzysztof\Documents\libraries\assimp-4.1.0\include\assimp\vector2.h">
      <Filter>Header Files</Filter>
    </ClInclude>
    <ClInclude Include="C:\Users\Krzysztof\Documents\libraries\assimp-4.1.0\include\assimp\vector2.inl">
      <Filter>Header Files</Filter>
    </ClInclude>
    <ClInclude Include="C:\Users\Krzysztof\Documents\libraries\assimp-4.1.0\include\assimp\vector3.h">
      <Filter>Header Files</Filter>
    </ClInclude>
    <ClInclude Include="C:\Users\Krzysztof\Documents\libraries\assimp-4.1.0\include\assimp\vector3.inl">
      <Filter>Header Files</Filter>
    </ClInclude>
    <ClInclude Include="C:\Users\Krzysztof\Documents\libraries\assimp-4.1.0\include\assimp\version.h">
      <Filter>Header Files</Filter>
    </ClInclude>
    <ClInclude Include="C:\Users\Krzysztof\Documents\libraries\assimp-4.1.0\include\assimp\cimport.h">
      <Filter>Header Files</Filter>
    </ClInclude>
    <ClInclude Include="C:\Users\Krzysztof\Documents\libraries\assimp-4.1.0\include\assimp\importerdesc.h">
      <Filter>Header Files</Filter>
    </ClInclude>
    <ClInclude Include="C:\Users\Krzysztof\Documents\libraries\assimp-4.1.0\include\assimp\Importer.hpp">
      <Filter>Header Files</Filter>
    </ClInclude>
    <ClInclude Include="C:\Users\Krzysztof\Documents\libraries\assimp-4.1.0\include\assimp\ProgressHandler.hpp">
      <Filter>Header Files</Filter>
    </ClInclude>
    <ClInclude Include="C:\Users\Krzysztof\Documents\libraries\assimp-4.1.0\include\assimp\IOStream.hpp">
      <Filter>Header Files</Filter>
    </ClInclude>
    <ClInclude Include="C:\Users\Krzysztof\Documents\libraries\assimp-4.1.0\include\assimp\IOSystem.hpp">
      <Filter>Header Files</Filter>
    </ClInclude>
    <ClInclude Include="C:\Users\Krzysztof\Documents\libraries\assimp-4.1.0\include\assimp\cexport.h">
      <Filter>Header Files</Filter>
    </ClInclude>
    <ClInclude Include="C:\Users\Krzysztof\Documents\libraries\assimp-4.1.0\include\assimp\Exporter.hpp">
      <Filter>Header Files</Filter>
    </ClInclude>
    <ClInclude Include="C:\Users\Krzysztof\Documents\libraries\assimp-4.1.0\include\assimp\DefaultIOStream.h">
      <Filter>Header Files</Filter>
    </ClInclude>
    <ClInclude Include="C:\Users\Krzysztof\Documents\libraries\assimp-4.1.0\include\assimp\DefaultIOSystem.h">
      <Filter>Header Files</Filter>
    </ClInclude>
    <ClInclude Include="C:\Users\Krzysztof\Documents\libraries\assimp-4.1.0\include\assimp\SceneCombiner.h">
      <Filter>Header Files</Filter>
    </ClInclude>
    <ClInclude Include="C:\Users\Krzysztof\Documents\libraries\assimp-4.1.0\include\assimp\Compiler\pushpack1.h">
      <Filter>Compiler</Filter>
    </ClInclude>
    <ClInclude Include="C:\Users\Krzysztof\Documents\libraries\assimp-4.1.0\include\assimp\Compiler\poppack1.h">
      <Filter>Compiler</Filter>
    </ClInclude>
    <ClInclude Include="C:\Users\Krzysztof\Documents\libraries\assimp-4.1.0\include\assimp\Compiler\pstdint.h">
      <Filter>Compiler</Filter>
    </ClInclude>
  </ItemGroup>
  <ItemGroup>
    <CustomBuild Include="C:\Users\Krzysztof\Documents\libraries\assimp-4.1.0\code\CMakeLists.txt" />
  </ItemGroup>
  <ItemGroup>
    <Filter Include="3D">
      <UniqueIdentifier>{B5DBDCB3-B277-3080-8EA3-7E2B9305B3E9}</UniqueIdentifier>
    </Filter>
    <Filter Include="3DS">
      <UniqueIdentifier>{A380CF1F-C1D2-3223-9712-BCDF93ED86EA}</UniqueIdentifier>
    </Filter>
    <Filter Include="3MF">
      <UniqueIdentifier>{E675C277-75DF-3786-B086-DF77A7CE08C4}</UniqueIdentifier>
    </Filter>
    <Filter Include="AC">
      <UniqueIdentifier>{4D2CE3C3-F1E4-3E53-A9FE-247126C6C072}</UniqueIdentifier>
    </Filter>
    <Filter Include="AMF">
      <UniqueIdentifier>{DD189A78-F0EB-32BC-9793-CC9C1E226945}</UniqueIdentifier>
    </Filter>
    <Filter Include="ASE">
      <UniqueIdentifier>{E87031BA-6757-32FA-A3F4-56A297D977B0}</UniqueIdentifier>
    </Filter>
    <Filter Include="ASSBIN">
      <UniqueIdentifier>{176D0536-5199-371B-9425-333AE060DCFF}</UniqueIdentifier>
    </Filter>
    <Filter Include="ASSXML">
      <UniqueIdentifier>{7AD415D0-41E3-3391-AEB6-E35EEFFB7A3A}</UniqueIdentifier>
    </Filter>
    <Filter Include="B3D">
      <UniqueIdentifier>{4974C8B3-8446-3ACF-AC68-BC874C1C1304}</UniqueIdentifier>
    </Filter>
    <Filter Include="BLEND">
      <UniqueIdentifier>{1725A954-8DAB-3AB7-886C-5D0A2EE0474D}</UniqueIdentifier>
    </Filter>
    <Filter Include="BVH">
      <UniqueIdentifier>{42A4BABE-C308-3A70-BFA2-80F197C6458A}</UniqueIdentifier>
    </Filter>
    <Filter Include="COB">
      <UniqueIdentifier>{7B9DAE44-BB00-3ED0-A707-435F10DCD8A0}</UniqueIdentifier>
    </Filter>
    <Filter Include="COLLADA">
      <UniqueIdentifier>{324F9265-855F-3B21-A34B-40E36B34ABEC}</UniqueIdentifier>
    </Filter>
    <Filter Include="CSM">
      <UniqueIdentifier>{AED5C469-C8D1-3E5C-9831-E18226D1837C}</UniqueIdentifier>
    </Filter>
    <Filter Include="Clipper">
      <UniqueIdentifier>{DB59A5FC-2EF4-3DE6-ADAB-BCD3A85A22F1}</UniqueIdentifier>
    </Filter>
    <Filter Include="Common">
      <UniqueIdentifier>{C2F43EE7-E947-3DBB-AFCA-EBD70D8F8FA4}</UniqueIdentifier>
    </Filter>
    <Filter Include="Compiler">
      <UniqueIdentifier>{9913E409-3735-3B7C-B7FF-8D0B702C0847}</UniqueIdentifier>
    </Filter>
    <Filter Include="DXF">
      <UniqueIdentifier>{339A8335-0B53-3D04-9610-313018C23799}</UniqueIdentifier>
    </Filter>
    <Filter Include="Exporter">
      <UniqueIdentifier>{9E892374-BC2E-35E2-BC3D-1CC783FC1FCF}</UniqueIdentifier>
    </Filter>
    <Filter Include="FBX">
      <UniqueIdentifier>{DE6CADF1-3E23-3D3E-A367-4A0BED74FDFF}</UniqueIdentifier>
    </Filter>
    <Filter Include="GLTF">
      <UniqueIdentifier>{4DC6D3A1-6F0C-326B-84B0-73091083AE06}</UniqueIdentifier>
    </Filter>
    <Filter Include="HMP">
      <UniqueIdentifier>{CC3818A2-489C-345D-9652-1EB87F161DCE}</UniqueIdentifier>
    </Filter>
    <Filter Include="Header Files">
      <UniqueIdentifier>{523C1792-C8CD-3AD4-A894-965880E6C716}</UniqueIdentifier>
    </Filter>
    <Filter Include="IFC">
      <UniqueIdentifier>{F88FF7CE-3FE2-380F-A388-A7E59F2D8E3E}</UniqueIdentifier>
    </Filter>
    <Filter Include="IRR">
      <UniqueIdentifier>{2CB9E037-381D-3E72-A9FF-3E40F4602E00}</UniqueIdentifier>
    </Filter>
    <Filter Include="IRRMESH">
      <UniqueIdentifier>{543E87E7-FBE1-32E5-A9EA-C6F2A3B2D834}</UniqueIdentifier>
    </Filter>
    <Filter Include="IrrXML">
      <UniqueIdentifier>{A051D67E-36E3-3938-829D-FFFC8174E5B8}</UniqueIdentifier>
    </Filter>
    <Filter Include="LWO">
      <UniqueIdentifier>{6054D155-F154-3ADD-8093-494DD58FA45C}</UniqueIdentifier>
    </Filter>
    <Filter Include="LWS">
      <UniqueIdentifier>{C068143D-14FA-34DB-9103-E25AFE3654C8}</UniqueIdentifier>
    </Filter>
    <Filter Include="Logging">
      <UniqueIdentifier>{CD6776C2-451B-31F7-B154-6DB410F0D920}</UniqueIdentifier>
    </Filter>
    <Filter Include="MD2">
      <UniqueIdentifier>{10476CE5-A2CE-30B8-9C57-88265749F88E}</UniqueIdentifier>
    </Filter>
    <Filter Include="MD3">
      <UniqueIdentifier>{87ECD04B-C8F4-3871-B306-D5547379391C}</UniqueIdentifier>
    </Filter>
    <Filter Include="MD5">
      <UniqueIdentifier>{337D2A9C-0D10-38BF-9E4C-96BBA5004EE2}</UniqueIdentifier>
    </Filter>
    <Filter Include="MDC">
      <UniqueIdentifier>{32E175EF-A364-363D-813B-15D1C73118C8}</UniqueIdentifier>
    </Filter>
    <Filter Include="MDL">
      <UniqueIdentifier>{3B331849-687D-3B4C-ABF5-6371772E6827}</UniqueIdentifier>
    </Filter>
    <Filter Include="MMD">
      <UniqueIdentifier>{D64C4A22-8327-3BEF-A480-363C4D4D5353}</UniqueIdentifier>
    </Filter>
    <Filter Include="MS3D">
      <UniqueIdentifier>{A7A905AA-83C9-3A46-87E7-79C1CA2CF8AA}</UniqueIdentifier>
    </Filter>
    <Filter Include="MaterialSystem">
      <UniqueIdentifier>{193F7515-2A95-38E0-A6FC-C16201FA8E4F}</UniqueIdentifier>
    </Filter>
    <Filter Include="NDO">
      <UniqueIdentifier>{0E6BB202-8CCF-31F6-AAF1-0736CD50B0E9}</UniqueIdentifier>
    </Filter>
    <Filter Include="NFF">
      <UniqueIdentifier>{9924B95D-D3AA-39A2-86FD-B2A5B67607D7}</UniqueIdentifier>
    </Filter>
    <Filter Include="OBJ">
      <UniqueIdentifier>{0FF35E6D-6AFF-33C1-AA47-3D3E22320538}</UniqueIdentifier>
    </Filter>
    <Filter Include="OFF">
      <UniqueIdentifier>{E078DB7B-A09F-381C-AEAE-63A020815DA2}</UniqueIdentifier>
    </Filter>
    <Filter Include="OGRE">
      <UniqueIdentifier>{85715ADE-4567-3567-9190-C0D9A60B0F03}</UniqueIdentifier>
    </Filter>
    <Filter Include="OPENGEX">
      <UniqueIdentifier>{8AC1678D-68BE-3198-B864-0A74A552C3BC}</UniqueIdentifier>
    </Filter>
    <Filter Include="PLY">
      <UniqueIdentifier>{69E8E60F-300D-35B0-A989-280A6F641EF1}</UniqueIdentifier>
    </Filter>
    <Filter Include="Poly2Tri">
      <UniqueIdentifier>{37D745F9-5A0D-3C84-A1A8-402BE29D190B}</UniqueIdentifier>
    </Filter>
    <Filter Include="PostProcessing">
      <UniqueIdentifier>{A703FBF0-8C9E-36BA-84F4-A386FE42A8A3}</UniqueIdentifier>
    </Filter>
    <Filter Include="Q3BSP">
      <UniqueIdentifier>{AC2F2D8A-D86B-3529-9D14-5D5279C10D4A}</UniqueIdentifier>
    </Filter>
    <Filter Include="Q3D">
      <UniqueIdentifier>{76818912-D6FC-3BE2-AB12-B5598569B5B0}</UniqueIdentifier>
    </Filter>
    <Filter Include="RAW">
      <UniqueIdentifier>{CD63ACD3-C8CE-3A16-AB64-21AF67D8093F}</UniqueIdentifier>
    </Filter>
    <Filter Include="SIB">
      <UniqueIdentifier>{B016614B-02F2-3D48-8E10-90F7C558E723}</UniqueIdentifier>
    </Filter>
    <Filter Include="SMD">
      <UniqueIdentifier>{DB2CB063-0B8C-3EC7-9CD2-FE057303FB7B}</UniqueIdentifier>
    </Filter>
    <Filter Include="STL">
      <UniqueIdentifier>{76B873FA-5115-35B9-A40F-FDB8558C864C}</UniqueIdentifier>
    </Filter>
    <Filter Include="Source Files">
      <UniqueIdentifier>{692B14E8-7508-3AF4-9FCB-AC2F6A3F259B}</UniqueIdentifier>
    </Filter>
    <Filter Include="Step">
      <UniqueIdentifier>{9748DCD2-7C8F-335B-A490-1E86164379DF}</UniqueIdentifier>
    </Filter>
    <Filter Include="TERRAGEN">
      <UniqueIdentifier>{E7CE233A-7744-3E75-9B91-F2829F63C92D}</UniqueIdentifier>
    </Filter>
    <Filter Include="X">
      <UniqueIdentifier>{81FDAA44-8757-350F-8A81-C69B4F8E1D45}</UniqueIdentifier>
    </Filter>
    <Filter Include="X3D">
      <UniqueIdentifier>{414D33FC-E18A-3667-B728-14057EE19C14}</UniqueIdentifier>
    </Filter>
    <Filter Include="XGL">
      <UniqueIdentifier>{74F782BA-42D1-33B8-BBCF-0A33ABC32D5D}</UniqueIdentifier>
    </Filter>
    <Filter Include="open3dgc">
      <UniqueIdentifier>{3D1FDF44-56E2-35B6-8AB9-618626DBC92E}</UniqueIdentifier>
    </Filter>
    <Filter Include="openddl_parser">
      <UniqueIdentifier>{611AD12D-83BD-3A26-8C48-C4E6B421BC9C}</UniqueIdentifier>
    </Filter>
    <Filter Include="unzip">
      <UniqueIdentifier>{C9ECDE72-EB4C-38A6-93CC-02F595975E03}</UniqueIdentifier>
    </Filter>
    <Filter Include="ziplib">
      <UniqueIdentifier>{06DF535F-BF65-30D6-B2D2-B72FAFE84FAF}</UniqueIdentifier>
    </Filter>
  </ItemGroup>
</Project>
